// !$*UTF8*$!
{
	archiveVersion = 1;
	classes = {
	};
	objectVersion = 50;
	objects = {

/* Begin PBXBuildFile section */
		1C4568B5264C2C8C00ECC187 /* AppDelegate.swift in Sources */ = {isa = PBXBuildFile; fileRef = 1C4568B4264C2C8C00ECC187 /* AppDelegate.swift */; };
		1C4568B7264C2C8C00ECC187 /* SceneDelegate.swift in Sources */ = {isa = PBXBuildFile; fileRef = 1C4568B6264C2C8C00ECC187 /* SceneDelegate.swift */; };
		1C4568B9264C2C8C00ECC187 /* ViewController.swift in Sources */ = {isa = PBXBuildFile; fileRef = 1C4568B8264C2C8C00ECC187 /* ViewController.swift */; };
		1C4568BC264C2C8C00ECC187 /* Main.storyboard in Resources */ = {isa = PBXBuildFile; fileRef = 1C4568BA264C2C8C00ECC187 /* Main.storyboard */; };
		1C4568BF264C2C8C00ECC187 /* FolhaDePagamento.xcdatamodeld in Sources */ = {isa = PBXBuildFile; fileRef = 1C4568BD264C2C8C00ECC187 /* FolhaDePagamento.xcdatamodeld */; };
		1C4568C1264C2C9200ECC187 /* Assets.xcassets in Resources */ = {isa = PBXBuildFile; fileRef = 1C4568C0264C2C9200ECC187 /* Assets.xcassets */; };
		1C4568C4264C2C9200ECC187 /* LaunchScreen.storyboard in Resources */ = {isa = PBXBuildFile; fileRef = 1C4568C2264C2C9200ECC187 /* LaunchScreen.storyboard */; };
		1C4568CF264C2C9300ECC187 /* FolhaDePagamentoTests.swift in Sources */ = {isa = PBXBuildFile; fileRef = 1C4568CE264C2C9300ECC187 /* FolhaDePagamentoTests.swift */; };
		1C4568DA264C2C9300ECC187 /* FolhaDePagamentoUITests.swift in Sources */ = {isa = PBXBuildFile; fileRef = 1C4568D9264C2C9300ECC187 /* FolhaDePagamentoUITests.swift */; };
		1C4568EB264C2CE800ECC187 /* Funcionario.swift in Sources */ = {isa = PBXBuildFile; fileRef = 1C4568EA264C2CE800ECC187 /* Funcionario.swift */; };
		1C4568F1264C2FB500ECC187 /* FolhaDePagamento.swift in Sources */ = {isa = PBXBuildFile; fileRef = 1C4568F0264C2FB500ECC187 /* FolhaDePagamento.swift */; };
/* End PBXBuildFile section */

/* Begin PBXContainerItemProxy section */
		1C4568CB264C2C9300ECC187 /* PBXContainerItemProxy */ = {
			isa = PBXContainerItemProxy;
			containerPortal = 1C4568A9264C2C8C00ECC187 /* Project object */;
			proxyType = 1;
			remoteGlobalIDString = 1C4568B0264C2C8C00ECC187;
			remoteInfo = FolhaDePagamento;
		};
		1C4568D6264C2C9300ECC187 /* PBXContainerItemProxy */ = {
			isa = PBXContainerItemProxy;
			containerPortal = 1C4568A9264C2C8C00ECC187 /* Project object */;
			proxyType = 1;
			remoteGlobalIDString = 1C4568B0264C2C8C00ECC187;
			remoteInfo = FolhaDePagamento;
		};
/* End PBXContainerItemProxy section */

/* Begin PBXFileReference section */
		1C4568B1264C2C8C00ECC187 /* FolhaDePagamento.app */ = {isa = PBXFileReference; explicitFileType = wrapper.application; includeInIndex = 0; path = FolhaDePagamento.app; sourceTree = BUILT_PRODUCTS_DIR; };
		1C4568B4264C2C8C00ECC187 /* AppDelegate.swift */ = {isa = PBXFileReference; lastKnownFileType = sourcecode.swift; path = AppDelegate.swift; sourceTree = "<group>"; };
		1C4568B6264C2C8C00ECC187 /* SceneDelegate.swift */ = {isa = PBXFileReference; lastKnownFileType = sourcecode.swift; path = SceneDelegate.swift; sourceTree = "<group>"; };
		1C4568B8264C2C8C00ECC187 /* ViewController.swift */ = {isa = PBXFileReference; lastKnownFileType = sourcecode.swift; path = ViewController.swift; sourceTree = "<group>"; };
		1C4568BB264C2C8C00ECC187 /* Base */ = {isa = PBXFileReference; lastKnownFileType = file.storyboard; name = Base; path = Base.lproj/Main.storyboard; sourceTree = "<group>"; };
		1C4568BE264C2C8C00ECC187 /* FolhaDePagamento.xcdatamodel */ = {isa = PBXFileReference; lastKnownFileType = wrapper.xcdatamodel; path = FolhaDePagamento.xcdatamodel; sourceTree = "<group>"; };
		1C4568C0264C2C9200ECC187 /* Assets.xcassets */ = {isa = PBXFileReference; lastKnownFileType = folder.assetcatalog; path = Assets.xcassets; sourceTree = "<group>"; };
		1C4568C3264C2C9200ECC187 /* Base */ = {isa = PBXFileReference; lastKnownFileType = file.storyboard; name = Base; path = Base.lproj/LaunchScreen.storyboard; sourceTree = "<group>"; };
		1C4568C5264C2C9200ECC187 /* Info.plist */ = {isa = PBXFileReference; lastKnownFileType = text.plist.xml; path = Info.plist; sourceTree = "<group>"; };
		1C4568CA264C2C9300ECC187 /* FolhaDePagamentoTests.xctest */ = {isa = PBXFileReference; explicitFileType = wrapper.cfbundle; includeInIndex = 0; path = FolhaDePagamentoTests.xctest; sourceTree = BUILT_PRODUCTS_DIR; };
		1C4568CE264C2C9300ECC187 /* FolhaDePagamentoTests.swift */ = {isa = PBXFileReference; lastKnownFileType = sourcecode.swift; path = FolhaDePagamentoTests.swift; sourceTree = "<group>"; };
		1C4568D0264C2C9300ECC187 /* Info.plist */ = {isa = PBXFileReference; lastKnownFileType = text.plist.xml; path = Info.plist; sourceTree = "<group>"; };
		1C4568D5264C2C9300ECC187 /* FolhaDePagamentoUITests.xctest */ = {isa = PBXFileReference; explicitFileType = wrapper.cfbundle; includeInIndex = 0; path = FolhaDePagamentoUITests.xctest; sourceTree = BUILT_PRODUCTS_DIR; };
		1C4568D9264C2C9300ECC187 /* FolhaDePagamentoUITests.swift */ = {isa = PBXFileReference; lastKnownFileType = sourcecode.swift; path = FolhaDePagamentoUITests.swift; sourceTree = "<group>"; };
		1C4568DB264C2C9300ECC187 /* Info.plist */ = {isa = PBXFileReference; lastKnownFileType = text.plist.xml; path = Info.plist; sourceTree = "<group>"; };
		1C4568EA264C2CE800ECC187 /* Funcionario.swift */ = {isa = PBXFileReference; lastKnownFileType = sourcecode.swift; path = Funcionario.swift; sourceTree = "<group>"; };
		1C4568F0264C2FB500ECC187 /* FolhaDePagamento.swift */ = {isa = PBXFileReference; lastKnownFileType = sourcecode.swift; path = FolhaDePagamento.swift; sourceTree = "<group>"; };
		1C4568FB264C74FE00ECC187 /* MyPlayground.playground */ = {isa = PBXFileReference; lastKnownFileType = file.playground; path = MyPlayground.playground; sourceTree = "<group>"; xcLanguageSpecificationIdentifier = xcode.lang.swift; };
/* End PBXFileReference section */

/* Begin PBXFrameworksBuildPhase section */
		1C4568AE264C2C8C00ECC187 /* Frameworks */ = {
			isa = PBXFrameworksBuildPhase;
			buildActionMask = 2147483647;
			files = (
			);
			runOnlyForDeploymentPostprocessing = 0;
		};
		1C4568C7264C2C9300ECC187 /* Frameworks */ = {
			isa = PBXFrameworksBuildPhase;
			buildActionMask = 2147483647;
			files = (
			);
			runOnlyForDeploymentPostprocessing = 0;
		};
		1C4568D2264C2C9300ECC187 /* Frameworks */ = {
			isa = PBXFrameworksBuildPhase;
			buildActionMask = 2147483647;
			files = (
			);
			runOnlyForDeploymentPostprocessing = 0;
		};
/* End PBXFrameworksBuildPhase section */

/* Begin PBXGroup section */
		1C4568A8264C2C8C00ECC187 = {
			isa = PBXGroup;
			children = (
				1C4568FB264C74FE00ECC187 /* MyPlayground.playground */,
				1C4568B3264C2C8C00ECC187 /* FolhaDePagamento */,
				1C4568CD264C2C9300ECC187 /* FolhaDePagamentoTests */,
				1C4568D8264C2C9300ECC187 /* FolhaDePagamentoUITests */,
				1C4568B2264C2C8C00ECC187 /* Products */,
			);
			sourceTree = "<group>";
		};
		1C4568B2264C2C8C00ECC187 /* Products */ = {
			isa = PBXGroup;
			children = (
				1C4568B1264C2C8C00ECC187 /* FolhaDePagamento.app */,
				1C4568CA264C2C9300ECC187 /* FolhaDePagamentoTests.xctest */,
				1C4568D5264C2C9300ECC187 /* FolhaDePagamentoUITests.xctest */,
			);
			name = Products;
			sourceTree = "<group>";
		};
		1C4568B3264C2C8C00ECC187 /* FolhaDePagamento */ = {
			isa = PBXGroup;
			children = (
				1C4568EF264C2F8700ECC187 /* Model */,
				1C4568B4264C2C8C00ECC187 /* AppDelegate.swift */,
				1C4568B6264C2C8C00ECC187 /* SceneDelegate.swift */,
				1C4568B8264C2C8C00ECC187 /* ViewController.swift */,
				1C4568BA264C2C8C00ECC187 /* Main.storyboard */,
				1C4568C0264C2C9200ECC187 /* Assets.xcassets */,
				1C4568C2264C2C9200ECC187 /* LaunchScreen.storyboard */,
				1C4568C5264C2C9200ECC187 /* Info.plist */,
				1C4568BD264C2C8C00ECC187 /* FolhaDePagamento.xcdatamodeld */,
			);
			path = FolhaDePagamento;
			sourceTree = "<group>";
		};
		1C4568CD264C2C9300ECC187 /* FolhaDePagamentoTests */ = {
			isa = PBXGroup;
			children = (
				1C4568CE264C2C9300ECC187 /* FolhaDePagamentoTests.swift */,
				1C4568D0264C2C9300ECC187 /* Info.plist */,
			);
			path = FolhaDePagamentoTests;
			sourceTree = "<group>";
		};
		1C4568D8264C2C9300ECC187 /* FolhaDePagamentoUITests */ = {
			isa = PBXGroup;
			children = (
				1C4568D9264C2C9300ECC187 /* FolhaDePagamentoUITests.swift */,
				1C4568DB264C2C9300ECC187 /* Info.plist */,
			);
			path = FolhaDePagamentoUITests;
			sourceTree = "<group>";
		};
		1C4568EF264C2F8700ECC187 /* Model */ = {
			isa = PBXGroup;
			children = (
				1C4568EA264C2CE800ECC187 /* Funcionario.swift */,
				1C4568F0264C2FB500ECC187 /* FolhaDePagamento.swift */,
			);
			path = Model;
			sourceTree = "<group>";
		};
/* End PBXGroup section */

/* Begin PBXNativeTarget section */
		1C4568B0264C2C8C00ECC187 /* FolhaDePagamento */ = {
			isa = PBXNativeTarget;
			buildConfigurationList = 1C4568DE264C2C9300ECC187 /* Build configuration list for PBXNativeTarget "FolhaDePagamento" */;
			buildPhases = (
				1C4568AD264C2C8C00ECC187 /* Sources */,
				1C4568AE264C2C8C00ECC187 /* Frameworks */,
				1C4568AF264C2C8C00ECC187 /* Resources */,
			);
			buildRules = (
			);
			dependencies = (
			);
			name = FolhaDePagamento;
			productName = FolhaDePagamento;
			productReference = 1C4568B1264C2C8C00ECC187 /* FolhaDePagamento.app */;
			productType = "com.apple.product-type.application";
		};
		1C4568C9264C2C9300ECC187 /* FolhaDePagamentoTests */ = {
			isa = PBXNativeTarget;
			buildConfigurationList = 1C4568E1264C2C9300ECC187 /* Build configuration list for PBXNativeTarget "FolhaDePagamentoTests" */;
			buildPhases = (
				1C4568C6264C2C9300ECC187 /* Sources */,
				1C4568C7264C2C9300ECC187 /* Frameworks */,
				1C4568C8264C2C9300ECC187 /* Resources */,
			);
			buildRules = (
			);
			dependencies = (
				1C4568CC264C2C9300ECC187 /* PBXTargetDependency */,
			);
			name = FolhaDePagamentoTests;
			productName = FolhaDePagamentoTests;
			productReference = 1C4568CA264C2C9300ECC187 /* FolhaDePagamentoTests.xctest */;
			productType = "com.apple.product-type.bundle.unit-test";
		};
		1C4568D4264C2C9300ECC187 /* FolhaDePagamentoUITests */ = {
			isa = PBXNativeTarget;
			buildConfigurationList = 1C4568E4264C2C9300ECC187 /* Build configuration list for PBXNativeTarget "FolhaDePagamentoUITests" */;
			buildPhases = (
				1C4568D1264C2C9300ECC187 /* Sources */,
				1C4568D2264C2C9300ECC187 /* Frameworks */,
				1C4568D3264C2C9300ECC187 /* Resources */,
			);
			buildRules = (
			);
			dependencies = (
				1C4568D7264C2C9300ECC187 /* PBXTargetDependency */,
			);
			name = FolhaDePagamentoUITests;
			productName = FolhaDePagamentoUITests;
			productReference = 1C4568D5264C2C9300ECC187 /* FolhaDePagamentoUITests.xctest */;
			productType = "com.apple.product-type.bundle.ui-testing";
		};
/* End PBXNativeTarget section */

/* Begin PBXProject section */
		1C4568A9264C2C8C00ECC187 /* Project object */ = {
			isa = PBXProject;
			attributes = {
				LastSwiftUpdateCheck = 1240;
				LastUpgradeCheck = 1240;
				TargetAttributes = {
					1C4568B0264C2C8C00ECC187 = {
						CreatedOnToolsVersion = 12.4;
					};
					1C4568C9264C2C9300ECC187 = {
						CreatedOnToolsVersion = 12.4;
						TestTargetID = 1C4568B0264C2C8C00ECC187;
					};
					1C4568D4264C2C9300ECC187 = {
						CreatedOnToolsVersion = 12.4;
						TestTargetID = 1C4568B0264C2C8C00ECC187;
					};
				};
			};
			buildConfigurationList = 1C4568AC264C2C8C00ECC187 /* Build configuration list for PBXProject "FolhaDePagamento" */;
			compatibilityVersion = "Xcode 9.3";
			developmentRegion = en;
			hasScannedForEncodings = 0;
			knownRegions = (
				en,
				Base,
			);
			mainGroup = 1C4568A8264C2C8C00ECC187;
			productRefGroup = 1C4568B2264C2C8C00ECC187 /* Products */;
			projectDirPath = "";
			projectRoot = "";
			targets = (
				1C4568B0264C2C8C00ECC187 /* FolhaDePagamento */,
				1C4568C9264C2C9300ECC187 /* FolhaDePagamentoTests */,
				1C4568D4264C2C9300ECC187 /* FolhaDePagamentoUITests */,
			);
		};
/* End PBXProject section */

/* Begin PBXResourcesBuildPhase section */
		1C4568AF264C2C8C00ECC187 /* Resources */ = {
			isa = PBXResourcesBuildPhase;
			buildActionMask = 2147483647;
			files = (
				1C4568C4264C2C9200ECC187 /* LaunchScreen.storyboard in Resources */,
				1C4568C1264C2C9200ECC187 /* Assets.xcassets in Resources */,
				1C4568BC264C2C8C00ECC187 /* Main.storyboard in Resources */,
			);
			runOnlyForDeploymentPostprocessing = 0;
		};
		1C4568C8264C2C9300ECC187 /* Resources */ = {
			isa = PBXResourcesBuildPhase;
			buildActionMask = 2147483647;
			files = (
			);
			runOnlyForDeploymentPostprocessing = 0;
		};
		1C4568D3264C2C9300ECC187 /* Resources */ = {
			isa = PBXResourcesBuildPhase;
			buildActionMask = 2147483647;
			files = (
			);
			runOnlyForDeploymentPostprocessing = 0;
		};
/* End PBXResourcesBuildPhase section */

/* Begin PBXSourcesBuildPhase section */
		1C4568AD264C2C8C00ECC187 /* Sources */ = {
			isa = PBXSourcesBuildPhase;
			buildActionMask = 2147483647;
			files = (
				1C4568BF264C2C8C00ECC187 /* FolhaDePagamento.xcdatamodeld in Sources */,
				1C4568EB264C2CE800ECC187 /* Funcionario.swift in Sources */,
				1C4568F1264C2FB500ECC187 /* FolhaDePagamento.swift in Sources */,
				1C4568B9264C2C8C00ECC187 /* ViewController.swift in Sources */,
				1C4568B5264C2C8C00ECC187 /* AppDelegate.swift in Sources */,
				1C4568B7264C2C8C00ECC187 /* SceneDelegate.swift in Sources */,
			);
			runOnlyForDeploymentPostprocessing = 0;
		};
		1C4568C6264C2C9300ECC187 /* Sources */ = {
			isa = PBXSourcesBuildPhase;
			buildActionMask = 2147483647;
			files = (
				1C4568CF264C2C9300ECC187 /* FolhaDePagamentoTests.swift in Sources */,
			);
			runOnlyForDeploymentPostprocessing = 0;
		};
		1C4568D1264C2C9300ECC187 /* Sources */ = {
			isa = PBXSourcesBuildPhase;
			buildActionMask = 2147483647;
			files = (
				1C4568DA264C2C9300ECC187 /* FolhaDePagamentoUITests.swift in Sources */,
			);
			runOnlyForDeploymentPostprocessing = 0;
		};
/* End PBXSourcesBuildPhase section */

/* Begin PBXTargetDependency section */
		1C4568CC264C2C9300ECC187 /* PBXTargetDependency */ = {
			isa = PBXTargetDependency;
			target = 1C4568B0264C2C8C00ECC187 /* FolhaDePagamento */;
			targetProxy = 1C4568CB264C2C9300ECC187 /* PBXContainerItemProxy */;
		};
		1C4568D7264C2C9300ECC187 /* PBXTargetDependency */ = {
			isa = PBXTargetDependency;
			target = 1C4568B0264C2C8C00ECC187 /* FolhaDePagamento */;
			targetProxy = 1C4568D6264C2C9300ECC187 /* PBXContainerItemProxy */;
		};
/* End PBXTargetDependency section */

/* Begin PBXVariantGroup section */
		1C4568BA264C2C8C00ECC187 /* Main.storyboard */ = {
			isa = PBXVariantGroup;
			children = (
				1C4568BB264C2C8C00ECC187 /* Base */,
			);
			name = Main.storyboard;
			sourceTree = "<group>";
		};
		1C4568C2264C2C9200ECC187 /* LaunchScreen.storyboard */ = {
			isa = PBXVariantGroup;
			children = (
				1C4568C3264C2C9200ECC187 /* Base */,
			);
			name = LaunchScreen.storyboard;
			sourceTree = "<group>";
		};
/* End PBXVariantGroup section */

/* Begin XCBuildConfiguration section */
		1C4568DC264C2C9300ECC187 /* Debug */ = {
			isa = XCBuildConfiguration;
			buildSettings = {
				ALWAYS_SEARCH_USER_PATHS = NO;
				CLANG_ANALYZER_NONNULL = YES;
				CLANG_ANALYZER_NUMBER_OBJECT_CONVERSION = YES_AGGRESSIVE;
				CLANG_CXX_LANGUAGE_STANDARD = "gnu++14";
				CLANG_CXX_LIBRARY = "libc++";
				CLANG_ENABLE_MODULES = YES;
				CLANG_ENABLE_OBJC_ARC = YES;
				CLANG_ENABLE_OBJC_WEAK = YES;
				CLANG_WARN_BLOCK_CAPTURE_AUTORELEASING = YES;
				CLANG_WARN_BOOL_CONVERSION = YES;
				CLANG_WARN_COMMA = YES;
				CLANG_WARN_CONSTANT_CONVERSION = YES;
				CLANG_WARN_DEPRECATED_OBJC_IMPLEMENTATIONS = YES;
				CLANG_WARN_DIRECT_OBJC_ISA_USAGE = YES_ERROR;
				CLANG_WARN_DOCUMENTATION_COMMENTS = YES;
				CLANG_WARN_EMPTY_BODY = YES;
				CLANG_WARN_ENUM_CONVERSION = YES;
				CLANG_WARN_INFINITE_RECURSION = YES;
				CLANG_WARN_INT_CONVERSION = YES;
				CLANG_WARN_NON_LITERAL_NULL_CONVERSION = YES;
				CLANG_WARN_OBJC_IMPLICIT_RETAIN_SELF = YES;
				CLANG_WARN_OBJC_LITERAL_CONVERSION = YES;
				CLANG_WARN_OBJC_ROOT_CLASS = YES_ERROR;
				CLANG_WARN_QUOTED_INCLUDE_IN_FRAMEWORK_HEADER = YES;
				CLANG_WARN_RANGE_LOOP_ANALYSIS = YES;
				CLANG_WARN_STRICT_PROTOTYPES = YES;
				CLANG_WARN_SUSPICIOUS_MOVE = YES;
				CLANG_WARN_UNGUARDED_AVAILABILITY = YES_AGGRESSIVE;
				CLANG_WARN_UNREACHABLE_CODE = YES;
				CLANG_WARN__DUPLICATE_METHOD_MATCH = YES;
				COPY_PHASE_STRIP = NO;
				DEBUG_INFORMATION_FORMAT = dwarf;
				ENABLE_STRICT_OBJC_MSGSEND = YES;
				ENABLE_TESTABILITY = YES;
				GCC_C_LANGUAGE_STANDARD = gnu11;
				GCC_DYNAMIC_NO_PIC = NO;
				GCC_NO_COMMON_BLOCKS = YES;
				GCC_OPTIMIZATION_LEVEL = 0;
				GCC_PREPROCESSOR_DEFINITIONS = (
					"DEBUG=1",
					"$(inherited)",
				);
				GCC_WARN_64_TO_32_BIT_CONVERSION = YES;
				GCC_WARN_ABOUT_RETURN_TYPE = YES_ERROR;
				GCC_WARN_UNDECLARED_SELECTOR = YES;
				GCC_WARN_UNINITIALIZED_AUTOS = YES_AGGRESSIVE;
				GCC_WARN_UNUSED_FUNCTION = YES;
				GCC_WARN_UNUSED_VARIABLE = YES;
				IPHONEOS_DEPLOYMENT_TARGET = 14.4;
				MTL_ENABLE_DEBUG_INFO = INCLUDE_SOURCE;
				MTL_FAST_MATH = YES;
				ONLY_ACTIVE_ARCH = YES;
				SDKROOT = iphoneos;
				SWIFT_ACTIVE_COMPILATION_CONDITIONS = DEBUG;
				SWIFT_OPTIMIZATION_LEVEL = "-Onone";
			};
			name = Debug;
		};
		1C4568DD264C2C9300ECC187 /* Release */ = {
			isa = XCBuildConfiguration;
			buildSettings = {
				ALWAYS_SEARCH_USER_PATHS = NO;
				CLANG_ANALYZER_NONNULL = YES;
				CLANG_ANALYZER_NUMBER_OBJECT_CONVERSION = YES_AGGRESSIVE;
				CLANG_CXX_LANGUAGE_STANDARD = "gnu++14";
				CLANG_CXX_LIBRARY = "libc++";
				CLANG_ENABLE_MODULES = YES;
				CLANG_ENABLE_OBJC_ARC = YES;
				CLANG_ENABLE_OBJC_WEAK = YES;
				CLANG_WARN_BLOCK_CAPTURE_AUTORELEASING = YES;
				CLANG_WARN_BOOL_CONVERSION = YES;
				CLANG_WARN_COMMA = YES;
				CLANG_WARN_CONSTANT_CONVERSION = YES;
				CLANG_WARN_DEPRECATED_OBJC_IMPLEMENTATIONS = YES;
				CLANG_WARN_DIRECT_OBJC_ISA_USAGE = YES_ERROR;
				CLANG_WARN_DOCUMENTATION_COMMENTS = YES;
				CLANG_WARN_EMPTY_BODY = YES;
				CLANG_WARN_ENUM_CONVERSION = YES;
				CLANG_WARN_INFINITE_RECURSION = YES;
				CLANG_WARN_INT_CONVERSION = YES;
				CLANG_WARN_NON_LITERAL_NULL_CONVERSION = YES;
				CLANG_WARN_OBJC_IMPLICIT_RETAIN_SELF = YES;
				CLANG_WARN_OBJC_LITERAL_CONVERSION = YES;
				CLANG_WARN_OBJC_ROOT_CLASS = YES_ERROR;
				CLANG_WARN_QUOTED_INCLUDE_IN_FRAMEWORK_HEADER = YES;
				CLANG_WARN_RANGE_LOOP_ANALYSIS = YES;
				CLANG_WARN_STRICT_PROTOTYPES = YES;
				CLANG_WARN_SUSPICIOUS_MOVE = YES;
				CLANG_WARN_UNGUARDED_AVAILABILITY = YES_AGGRESSIVE;
				CLANG_WARN_UNREACHABLE_CODE = YES;
				CLANG_WARN__DUPLICATE_METHOD_MATCH = YES;
				COPY_PHASE_STRIP = NO;
				DEBUG_INFORMATION_FORMAT = "dwarf-with-dsym";
				ENABLE_NS_ASSERTIONS = NO;
				ENABLE_STRICT_OBJC_MSGSEND = YES;
				GCC_C_LANGUAGE_STANDARD = gnu11;
				GCC_NO_COMMON_BLOCKS = YES;
				GCC_WARN_64_TO_32_BIT_CONVERSION = YES;
				GCC_WARN_ABOUT_RETURN_TYPE = YES_ERROR;
				GCC_WARN_UNDECLARED_SELECTOR = YES;
				GCC_WARN_UNINITIALIZED_AUTOS = YES_AGGRESSIVE;
				GCC_WARN_UNUSED_FUNCTION = YES;
				GCC_WARN_UNUSED_VARIABLE = YES;
				IPHONEOS_DEPLOYMENT_TARGET = 14.4;
				MTL_ENABLE_DEBUG_INFO = NO;
				MTL_FAST_MATH = YES;
				SDKROOT = iphoneos;
				SWIFT_COMPILATION_MODE = wholemodule;
				SWIFT_OPTIMIZATION_LEVEL = "-O";
				VALIDATE_PRODUCT = YES;
			};
			name = Release;
		};
		1C4568DF264C2C9300ECC187 /* Debug */ = {
			isa = XCBuildConfiguration;
			buildSettings = {
				ASSETCATALOG_COMPILER_APPICON_NAME = AppIcon;
				ASSETCATALOG_COMPILER_GLOBAL_ACCENT_COLOR_NAME = AccentColor;
				CODE_SIGN_STYLE = Automatic;
				INFOPLIST_FILE = FolhaDePagamento/Info.plist;
				LD_RUNPATH_SEARCH_PATHS = (
					"$(inherited)",
					"@executable_path/Frameworks",
				);
				PRODUCT_BUNDLE_IDENTIFIER = RenilsonMoreira.FolhaDePagamento;
				PRODUCT_NAME = "$(TARGET_NAME)";
				SWIFT_VERSION = 5.0;
				TARGETED_DEVICE_FAMILY = "1,2";
			};
			name = Debug;
		};
		1C4568E0264C2C9300ECC187 /* Release */ = {
			isa = XCBuildConfiguration;
			buildSettings = {
				ASSETCATALOG_COMPILER_APPICON_NAME = AppIcon;
				ASSETCATALOG_COMPILER_GLOBAL_ACCENT_COLOR_NAME = AccentColor;
				CODE_SIGN_STYLE = Automatic;
				INFOPLIST_FILE = FolhaDePagamento/Info.plist;
				LD_RUNPATH_SEARCH_PATHS = (
					"$(inherited)",
					"@executable_path/Frameworks",
				);
				PRODUCT_BUNDLE_IDENTIFIER = RenilsonMoreira.FolhaDePagamento;
				PRODUCT_NAME = "$(TARGET_NAME)";
				SWIFT_VERSION = 5.0;
				TARGETED_DEVICE_FAMILY = "1,2";
			};
			name = Release;
		};
		1C4568E2264C2C9300ECC187 /* Debug */ = {
			isa = XCBuildConfiguration;
			buildSettings = {
				ALWAYS_EMBED_SWIFT_STANDARD_LIBRARIES = YES;
				BUNDLE_LOADER = "$(TEST_HOST)";
				CODE_SIGN_STYLE = Automatic;
				INFOPLIST_FILE = FolhaDePagamentoTests/Info.plist;
				IPHONEOS_DEPLOYMENT_TARGET = 14.4;
				LD_RUNPATH_SEARCH_PATHS = (
					"$(inherited)",
					"@executable_path/Frameworks",
					"@loader_path/Frameworks",
				);
				PRODUCT_BUNDLE_IDENTIFIER = RenilsonMoreira.FolhaDePagamentoTests;
				PRODUCT_NAME = "$(TARGET_NAME)";
				SWIFT_VERSION = 5.0;
				TARGETED_DEVICE_FAMILY = "1,2";
				TEST_HOST = "$(BUILT_PRODUCTS_DIR)/FolhaDePagamento.app/FolhaDePagamento";
			};
			name = Debug;
		};
		1C4568E3264C2C9300ECC187 /* Release */ = {
			isa = XCBuildConfiguration;
			buildSettings = {
				ALWAYS_EMBED_SWIFT_STANDARD_LIBRARIES = YES;
				BUNDLE_LOADER = "$(TEST_HOST)";
				CODE_SIGN_STYLE = Automatic;
				INFOPLIST_FILE = FolhaDePagamentoTests/Info.plist;
				IPHONEOS_DEPLOYMENT_TARGET = 14.4;
				LD_RUNPATH_SEARCH_PATHS = (
					"$(inherited)",
					"@executable_path/Frameworks",
					"@loader_path/Frameworks",
				);
				PRODUCT_BUNDLE_IDENTIFIER = RenilsonMoreira.FolhaDePagamentoTests;
				PRODUCT_NAME = "$(TARGET_NAME)";
				SWIFT_VERSION = 5.0;
				TARGETED_DEVICE_FAMILY = "1,2";
				TEST_HOST = "$(BUILT_PRODUCTS_DIR)/FolhaDePagamento.app/FolhaDePagamento";
			};
			name = Release;
		};
		1C4568E5264C2C9300ECC187 /* Debug */ = {
			isa = XCBuildConfiguration;
			buildSettings = {
				ALWAYS_EMBED_SWIFT_STANDARD_LIBRARIES = YES;
				CODE_SIGN_STYLE = Automatic;
				INFOPLIST_FILE = FolhaDePagamentoUITests/Info.plist;
				LD_RUNPATH_SEARCH_PATHS = (
					"$(inherited)",
					"@executable_path/Frameworks",
					"@loader_path/Frameworks",
				);
				PRODUCT_BUNDLE_IDENTIFIER = RenilsonMoreira.FolhaDePagamentoUITests;
				PRODUCT_NAME = "$(TARGET_NAME)";
				SWIFT_VERSION = 5.0;
				TARGETED_DEVICE_FAMILY = "1,2";
				TEST_TARGET_NAME = FolhaDePagamento;
			};
			name = Debug;
		};
		1C4568E6264C2C9300ECC187 /* Release */ = {
			isa = XCBuildConfiguration;
			buildSettings = {
				ALWAYS_EMBED_SWIFT_STANDARD_LIBRARIES = YES;
				CODE_SIGN_STYLE = Automatic;
				INFOPLIST_FILE = FolhaDePagamentoUITests/Info.plist;
				LD_RUNPATH_SEARCH_PATHS = (
					"$(inherited)",
					"@executable_path/Frameworks",
					"@loader_path/Frameworks",
				);
				PRODUCT_BUNDLE_IDENTIFIER = RenilsonMoreira.FolhaDePagamentoUITests;
				PRODUCT_NAME = "$(TARGET_NAME)";
				SWIFT_VERSION = 5.0;
				TARGETED_DEVICE_FAMILY = "1,2";
				TEST_TARGET_NAME = FolhaDePagamento;
			};
			name = Release;
		};
/* End XCBuildConfiguration section */

/* Begin XCConfigurationList section */
		1C4568AC264C2C8C00ECC187 /* Build configuration list for PBXProject "FolhaDePagamento" */ = {
			isa = XCConfigurationList;
			buildConfigurations = (
				1C4568DC264C2C9300ECC187 /* Debug */,
				1C4568DD264C2C9300ECC187 /* Release */,
			);
			defaultConfigurationIsVisible = 0;
			defaultConfigurationName = Release;
		};
		1C4568DE264C2C9300ECC187 /* Build configuration list for PBXNativeTarget "FolhaDePagamento" */ = {
			isa = XCConfigurationList;
			buildConfigurations = (
				1C4568DF264C2C9300ECC187 /* Debug */,
				1C4568E0264C2C9300ECC187 /* Release */,
			);
			defaultConfigurationIsVisible = 0;
			defaultConfigurationName = Release;
		};
		1C4568E1264C2C9300ECC187 /* Build configuration list for PBXNativeTarget "FolhaDePagamentoTests" */ = {
			isa = XCConfigurationList;
			buildConfigurations = (
				1C4568E2264C2C9300ECC187 /* Debug */,
				1C4568E3264C2C9300ECC187 /* Release */,
			);
			defaultConfigurationIsVisible = 0;
			defaultConfigurationName = Release;
		};
		1C4568E4264C2C9300ECC187 /* Build configuration list for PBXNativeTarget "FolhaDePagamentoUITests" */ = {
			isa = XCConfigurationList;
			buildConfigurations = (
				1C4568E5264C2C9300ECC187 /* Debug */,
				1C4568E6264C2C9300ECC187 /* Release */,
			);
			defaultConfigurationIsVisible = 0;
			defaultConfigurationName = Release;
		};
/* End XCConfigurationList section */

/* Begin XCVersionGroup section */
		1C4568BD264C2C8C00ECC187 /* FolhaDePagamento.xcdatamodeld */ = {
			isa = XCVersionGroup;
			children = (
				1C4568BE264C2C8C00ECC187 /* FolhaDePagamento.xcdatamodel */,
			);
			currentVersion = 1C4568BE264C2C8C00ECC187 /* FolhaDePagamento.xcdatamodel */;
			path = FolhaDePagamento.xcdatamodeld;
			sourceTree = "<group>";
			versionGroupType = wrapper.xcdatamodel;
		};
/* End XCVersionGroup section */
	};
	rootObject = 1C4568A9264C2C8C00ECC187 /* Project object */;
}
