// !$*UTF8*$!
{
	archiveVersion = 1;
	classes = {
	};
	objectVersion = 50;
	objects = {

/* Begin PBXBuildFile section */
		1CA4C6E7261D36060041903B /* AppDelegate.swift in Sources */ = {isa = PBXBuildFile; fileRef = 1CA4C6E6261D36060041903B /* AppDelegate.swift */; };
		1CA4C6E9261D36060041903B /* SceneDelegate.swift in Sources */ = {isa = PBXBuildFile; fileRef = 1CA4C6E8261D36060041903B /* SceneDelegate.swift */; };
		1CA4C6EB261D36060041903B /* ViewController.swift in Sources */ = {isa = PBXBuildFile; fileRef = 1CA4C6EA261D36060041903B /* ViewController.swift */; };
		1CA4C6EE261D36060041903B /* Main.storyboard in Resources */ = {isa = PBXBuildFile; fileRef = 1CA4C6EC261D36060041903B /* Main.storyboard */; };
		1CA4C6F0261D36080041903B /* Assets.xcassets in Resources */ = {isa = PBXBuildFile; fileRef = 1CA4C6EF261D36080041903B /* Assets.xcassets */; };
		1CA4C6F3261D36080041903B /* LaunchScreen.storyboard in Resources */ = {isa = PBXBuildFile; fileRef = 1CA4C6F1261D36080041903B /* LaunchScreen.storyboard */; };
		1CA4C6FE261D36080041903B /* PrimeiroAppTests.swift in Sources */ = {isa = PBXBuildFile; fileRef = 1CA4C6FD261D36080041903B /* PrimeiroAppTests.swift */; };
		1CA4C709261D36080041903B /* PrimeiroAppUITests.swift in Sources */ = {isa = PBXBuildFile; fileRef = 1CA4C708261D36080041903B /* PrimeiroAppUITests.swift */; };
		1CA4C71A261D3C8F0041903B /* cachorro.png in Resources */ = {isa = PBXBuildFile; fileRef = 1CA4C719261D3C8F0041903B /* cachorro.png */; };
/* End PBXBuildFile section */

/* Begin PBXContainerItemProxy section */
		1CA4C6FA261D36080041903B /* PBXContainerItemProxy */ = {
			isa = PBXContainerItemProxy;
			containerPortal = 1CA4C6DB261D36060041903B /* Project object */;
			proxyType = 1;
			remoteGlobalIDString = 1CA4C6E2261D36060041903B;
			remoteInfo = PrimeiroApp;
		};
		1CA4C705261D36080041903B /* PBXContainerItemProxy */ = {
			isa = PBXContainerItemProxy;
			containerPortal = 1CA4C6DB261D36060041903B /* Project object */;
			proxyType = 1;
			remoteGlobalIDString = 1CA4C6E2261D36060041903B;
			remoteInfo = PrimeiroApp;
		};
/* End PBXContainerItemProxy section */

/* Begin PBXFileReference section */
		1CA4C6E3261D36060041903B /* PrimeiroApp.app */ = {isa = PBXFileReference; explicitFileType = wrapper.application; includeInIndex = 0; path = PrimeiroApp.app; sourceTree = BUILT_PRODUCTS_DIR; };
		1CA4C6E6261D36060041903B /* AppDelegate.swift */ = {isa = PBXFileReference; lastKnownFileType = sourcecode.swift; path = AppDelegate.swift; sourceTree = "<group>"; };
		1CA4C6E8261D36060041903B /* SceneDelegate.swift */ = {isa = PBXFileReference; lastKnownFileType = sourcecode.swift; path = SceneDelegate.swift; sourceTree = "<group>"; };
		1CA4C6EA261D36060041903B /* ViewController.swift */ = {isa = PBXFileReference; lastKnownFileType = sourcecode.swift; path = ViewController.swift; sourceTree = "<group>"; };
		1CA4C6ED261D36060041903B /* Base */ = {isa = PBXFileReference; lastKnownFileType = file.storyboard; name = Base; path = Base.lproj/Main.storyboard; sourceTree = "<group>"; };
		1CA4C6EF261D36080041903B /* Assets.xcassets */ = {isa = PBXFileReference; lastKnownFileType = folder.assetcatalog; path = Assets.xcassets; sourceTree = "<group>"; };
		1CA4C6F2261D36080041903B /* Base */ = {isa = PBXFileReference; lastKnownFileType = file.storyboard; name = Base; path = Base.lproj/LaunchScreen.storyboard; sourceTree = "<group>"; };
		1CA4C6F4261D36080041903B /* Info.plist */ = {isa = PBXFileReference; lastKnownFileType = text.plist.xml; path = Info.plist; sourceTree = "<group>"; };
		1CA4C6F9261D36080041903B /* PrimeiroAppTests.xctest */ = {isa = PBXFileReference; explicitFileType = wrapper.cfbundle; includeInIndex = 0; path = PrimeiroAppTests.xctest; sourceTree = BUILT_PRODUCTS_DIR; };
		1CA4C6FD261D36080041903B /* PrimeiroAppTests.swift */ = {isa = PBXFileReference; lastKnownFileType = sourcecode.swift; path = PrimeiroAppTests.swift; sourceTree = "<group>"; };
		1CA4C6FF261D36080041903B /* Info.plist */ = {isa = PBXFileReference; lastKnownFileType = text.plist.xml; path = Info.plist; sourceTree = "<group>"; };
		1CA4C704261D36080041903B /* PrimeiroAppUITests.xctest */ = {isa = PBXFileReference; explicitFileType = wrapper.cfbundle; includeInIndex = 0; path = PrimeiroAppUITests.xctest; sourceTree = BUILT_PRODUCTS_DIR; };
		1CA4C708261D36080041903B /* PrimeiroAppUITests.swift */ = {isa = PBXFileReference; lastKnownFileType = sourcecode.swift; path = PrimeiroAppUITests.swift; sourceTree = "<group>"; };
		1CA4C70A261D36080041903B /* Info.plist */ = {isa = PBXFileReference; lastKnownFileType = text.plist.xml; path = Info.plist; sourceTree = "<group>"; };
		1CA4C719261D3C8F0041903B /* cachorro.png */ = {isa = PBXFileReference; lastKnownFileType = image.png; path = cachorro.png; sourceTree = "<group>"; };
/* End PBXFileReference section */

/* Begin PBXFrameworksBuildPhase section */
		1CA4C6E0261D36060041903B /* Frameworks */ = {
			isa = PBXFrameworksBuildPhase;
			buildActionMask = 2147483647;
			files = (
			);
			runOnlyForDeploymentPostprocessing = 0;
		};
		1CA4C6F6261D36080041903B /* Frameworks */ = {
			isa = PBXFrameworksBuildPhase;
			buildActionMask = 2147483647;
			files = (
			);
			runOnlyForDeploymentPostprocessing = 0;
		};
		1CA4C701261D36080041903B /* Frameworks */ = {
			isa = PBXFrameworksBuildPhase;
			buildActionMask = 2147483647;
			files = (
			);
			runOnlyForDeploymentPostprocessing = 0;
		};
/* End PBXFrameworksBuildPhase section */

/* Begin PBXGroup section */
		1CA4C6DA261D36060041903B = {
			isa = PBXGroup;
			children = (
				1CA4C6E5261D36060041903B /* PrimeiroApp */,
				1CA4C6FC261D36080041903B /* PrimeiroAppTests */,
				1CA4C707261D36080041903B /* PrimeiroAppUITests */,
				1CA4C6E4261D36060041903B /* Products */,
			);
			sourceTree = "<group>";
		};
		1CA4C6E4261D36060041903B /* Products */ = {
			isa = PBXGroup;
			children = (
				1CA4C6E3261D36060041903B /* PrimeiroApp.app */,
				1CA4C6F9261D36080041903B /* PrimeiroAppTests.xctest */,
				1CA4C704261D36080041903B /* PrimeiroAppUITests.xctest */,
			);
			name = Products;
			sourceTree = "<group>";
		};
		1CA4C6E5261D36060041903B /* PrimeiroApp */ = {
			isa = PBXGroup;
			children = (
				1CA4C719261D3C8F0041903B /* cachorro.png */,
				1CA4C6E6261D36060041903B /* AppDelegate.swift */,
				1CA4C6E8261D36060041903B /* SceneDelegate.swift */,
				1CA4C6EA261D36060041903B /* ViewController.swift */,
				1CA4C6EC261D36060041903B /* Main.storyboard */,
				1CA4C6EF261D36080041903B /* Assets.xcassets */,
				1CA4C6F1261D36080041903B /* LaunchScreen.storyboard */,
				1CA4C6F4261D36080041903B /* Info.plist */,
			);
			path = PrimeiroApp;
			sourceTree = "<group>";
		};
		1CA4C6FC261D36080041903B /* PrimeiroAppTests */ = {
			isa = PBXGroup;
			children = (
				1CA4C6FD261D36080041903B /* PrimeiroAppTests.swift */,
				1CA4C6FF261D36080041903B /* Info.plist */,
			);
			path = PrimeiroAppTests;
			sourceTree = "<group>";
		};
		1CA4C707261D36080041903B /* PrimeiroAppUITests */ = {
			isa = PBXGroup;
			children = (
				1CA4C708261D36080041903B /* PrimeiroAppUITests.swift */,
				1CA4C70A261D36080041903B /* Info.plist */,
			);
			path = PrimeiroAppUITests;
			sourceTree = "<group>";
		};
/* End PBXGroup section */

/* Begin PBXNativeTarget section */
		1CA4C6E2261D36060041903B /* PrimeiroApp */ = {
			isa = PBXNativeTarget;
			buildConfigurationList = 1CA4C70D261D36080041903B /* Build configuration list for PBXNativeTarget "PrimeiroApp" */;
			buildPhases = (
				1CA4C6DF261D36060041903B /* Sources */,
				1CA4C6E0261D36060041903B /* Frameworks */,
				1CA4C6E1261D36060041903B /* Resources */,
			);
			buildRules = (
			);
			dependencies = (
			);
			name = PrimeiroApp;
			productName = PrimeiroApp;
			productReference = 1CA4C6E3261D36060041903B /* PrimeiroApp.app */;
			productType = "com.apple.product-type.application";
		};
		1CA4C6F8261D36080041903B /* PrimeiroAppTests */ = {
			isa = PBXNativeTarget;
			buildConfigurationList = 1CA4C710261D36080041903B /* Build configuration list for PBXNativeTarget "PrimeiroAppTests" */;
			buildPhases = (
				1CA4C6F5261D36080041903B /* Sources */,
				1CA4C6F6261D36080041903B /* Frameworks */,
				1CA4C6F7261D36080041903B /* Resources */,
			);
			buildRules = (
			);
			dependencies = (
				1CA4C6FB261D36080041903B /* PBXTargetDependency */,
			);
			name = PrimeiroAppTests;
			productName = PrimeiroAppTests;
			productReference = 1CA4C6F9261D36080041903B /* PrimeiroAppTests.xctest */;
			productType = "com.apple.product-type.bundle.unit-test";
		};
		1CA4C703261D36080041903B /* PrimeiroAppUITests */ = {
			isa = PBXNativeTarget;
			buildConfigurationList = 1CA4C713261D36080041903B /* Build configuration list for PBXNativeTarget "PrimeiroAppUITests" */;
			buildPhases = (
				1CA4C700261D36080041903B /* Sources */,
				1CA4C701261D36080041903B /* Frameworks */,
				1CA4C702261D36080041903B /* Resources */,
			);
			buildRules = (
			);
			dependencies = (
				1CA4C706261D36080041903B /* PBXTargetDependency */,
			);
			name = PrimeiroAppUITests;
			productName = PrimeiroAppUITests;
			productReference = 1CA4C704261D36080041903B /* PrimeiroAppUITests.xctest */;
			productType = "com.apple.product-type.bundle.ui-testing";
		};
/* End PBXNativeTarget section */

/* Begin PBXProject section */
		1CA4C6DB261D36060041903B /* Project object */ = {
			isa = PBXProject;
			attributes = {
				LastSwiftUpdateCheck = 1240;
				LastUpgradeCheck = 1240;
				TargetAttributes = {
					1CA4C6E2261D36060041903B = {
						CreatedOnToolsVersion = 12.4;
					};
					1CA4C6F8261D36080041903B = {
						CreatedOnToolsVersion = 12.4;
						TestTargetID = 1CA4C6E2261D36060041903B;
					};
					1CA4C703261D36080041903B = {
						CreatedOnToolsVersion = 12.4;
						TestTargetID = 1CA4C6E2261D36060041903B;
					};
				};
			};
			buildConfigurationList = 1CA4C6DE261D36060041903B /* Build configuration list for PBXProject "PrimeiroApp" */;
			compatibilityVersion = "Xcode 9.3";
			developmentRegion = en;
			hasScannedForEncodings = 0;
			knownRegions = (
				en,
				Base,
			);
			mainGroup = 1CA4C6DA261D36060041903B;
			productRefGroup = 1CA4C6E4261D36060041903B /* Products */;
			projectDirPath = "";
			projectRoot = "";
			targets = (
				1CA4C6E2261D36060041903B /* PrimeiroApp */,
				1CA4C6F8261D36080041903B /* PrimeiroAppTests */,
				1CA4C703261D36080041903B /* PrimeiroAppUITests */,
			);
		};
/* End PBXProject section */

/* Begin PBXResourcesBuildPhase section */
		1CA4C6E1261D36060041903B /* Resources */ = {
			isa = PBXResourcesBuildPhase;
			buildActionMask = 2147483647;
			files = (
				1CA4C71A261D3C8F0041903B /* cachorro.png in Resources */,
				1CA4C6F3261D36080041903B /* LaunchScreen.storyboard in Resources */,
				1CA4C6F0261D36080041903B /* Assets.xcassets in Resources */,
				1CA4C6EE261D36060041903B /* Main.storyboard in Resources */,
			);
			runOnlyForDeploymentPostprocessing = 0;
		};
		1CA4C6F7261D36080041903B /* Resources */ = {
			isa = PBXResourcesBuildPhase;
			buildActionMask = 2147483647;
			files = (
			);
			runOnlyForDeploymentPostprocessing = 0;
		};
		1CA4C702261D36080041903B /* Resources */ = {
			isa = PBXResourcesBuildPhase;
			buildActionMask = 2147483647;
			files = (
			);
			runOnlyForDeploymentPostprocessing = 0;
		};
/* End PBXResourcesBuildPhase section */

/* Begin PBXSourcesBuildPhase section */
		1CA4C6DF261D36060041903B /* Sources */ = {
			isa = PBXSourcesBuildPhase;
			buildActionMask = 2147483647;
			files = (
				1CA4C6EB261D36060041903B /* ViewController.swift in Sources */,
				1CA4C6E7261D36060041903B /* AppDelegate.swift in Sources */,
				1CA4C6E9261D36060041903B /* SceneDelegate.swift in Sources */,
			);
			runOnlyForDeploymentPostprocessing = 0;
		};
		1CA4C6F5261D36080041903B /* Sources */ = {
			isa = PBXSourcesBuildPhase;
			buildActionMask = 2147483647;
			files = (
				1CA4C6FE261D36080041903B /* PrimeiroAppTests.swift in Sources */,
			);
			runOnlyForDeploymentPostprocessing = 0;
		};
		1CA4C700261D36080041903B /* Sources */ = {
			isa = PBXSourcesBuildPhase;
			buildActionMask = 2147483647;
			files = (
				1CA4C709261D36080041903B /* PrimeiroAppUITests.swift in Sources */,
			);
			runOnlyForDeploymentPostprocessing = 0;
		};
/* End PBXSourcesBuildPhase section */

/* Begin PBXTargetDependency section */
		1CA4C6FB261D36080041903B /* PBXTargetDependency */ = {
			isa = PBXTargetDependency;
			target = 1CA4C6E2261D36060041903B /* PrimeiroApp */;
			targetProxy = 1CA4C6FA261D36080041903B /* PBXContainerItemProxy */;
		};
		1CA4C706261D36080041903B /* PBXTargetDependency */ = {
			isa = PBXTargetDependency;
			target = 1CA4C6E2261D36060041903B /* PrimeiroApp */;
			targetProxy = 1CA4C705261D36080041903B /* PBXContainerItemProxy */;
		};
/* End PBXTargetDependency section */

/* Begin PBXVariantGroup section */
		1CA4C6EC261D36060041903B /* Main.storyboard */ = {
			isa = PBXVariantGroup;
			children = (
				1CA4C6ED261D36060041903B /* Base */,
			);
			name = Main.storyboard;
			sourceTree = "<group>";
		};
		1CA4C6F1261D36080041903B /* LaunchScreen.storyboard */ = {
			isa = PBXVariantGroup;
			children = (
				1CA4C6F2261D36080041903B /* Base */,
			);
			name = LaunchScreen.storyboard;
			sourceTree = "<group>";
		};
/* End PBXVariantGroup section */

/* Begin XCBuildConfiguration section */
		1CA4C70B261D36080041903B /* Debug */ = {
			isa = XCBuildConfiguration;
			buildSettings = {
				ALWAYS_SEARCH_USER_PATHS = NO;
				CLANG_ANALYZER_NONNULL = YES;
				CLANG_ANALYZER_NUMBER_OBJECT_CONVERSION = YES_AGGRESSIVE;
				CLANG_CXX_LANGUAGE_STANDARD = "gnu++14";
				CLANG_CXX_LIBRARY = "libc++";
				CLANG_ENABLE_MODULES = YES;
				CLANG_ENABLE_OBJC_ARC = YES;
				CLANG_ENABLE_OBJC_WEAK = YES;
				CLANG_WARN_BLOCK_CAPTURE_AUTORELEASING = YES;
				CLANG_WARN_BOOL_CONVERSION = YES;
				CLANG_WARN_COMMA = YES;
				CLANG_WARN_CONSTANT_CONVERSION = YES;
				CLANG_WARN_DEPRECATED_OBJC_IMPLEMENTATIONS = YES;
				CLANG_WARN_DIRECT_OBJC_ISA_USAGE = YES_ERROR;
				CLANG_WARN_DOCUMENTATION_COMMENTS = YES;
				CLANG_WARN_EMPTY_BODY = YES;
				CLANG_WARN_ENUM_CONVERSION = YES;
				CLANG_WARN_INFINITE_RECURSION = YES;
				CLANG_WARN_INT_CONVERSION = YES;
				CLANG_WARN_NON_LITERAL_NULL_CONVERSION = YES;
				CLANG_WARN_OBJC_IMPLICIT_RETAIN_SELF = YES;
				CLANG_WARN_OBJC_LITERAL_CONVERSION = YES;
				CLANG_WARN_OBJC_ROOT_CLASS = YES_ERROR;
				CLANG_WARN_QUOTED_INCLUDE_IN_FRAMEWORK_HEADER = YES;
				CLANG_WARN_RANGE_LOOP_ANALYSIS = YES;
				CLANG_WARN_STRICT_PROTOTYPES = YES;
				CLANG_WARN_SUSPICIOUS_MOVE = YES;
				CLANG_WARN_UNGUARDED_AVAILABILITY = YES_AGGRESSIVE;
				CLANG_WARN_UNREACHABLE_CODE = YES;
				CLANG_WARN__DUPLICATE_METHOD_MATCH = YES;
				COPY_PHASE_STRIP = NO;
				DEBUG_INFORMATION_FORMAT = dwarf;
				ENABLE_STRICT_OBJC_MSGSEND = YES;
				ENABLE_TESTABILITY = YES;
				GCC_C_LANGUAGE_STANDARD = gnu11;
				GCC_DYNAMIC_NO_PIC = NO;
				GCC_NO_COMMON_BLOCKS = YES;
				GCC_OPTIMIZATION_LEVEL = 0;
				GCC_PREPROCESSOR_DEFINITIONS = (
					"DEBUG=1",
					"$(inherited)",
				);
				GCC_WARN_64_TO_32_BIT_CONVERSION = YES;
				GCC_WARN_ABOUT_RETURN_TYPE = YES_ERROR;
				GCC_WARN_UNDECLARED_SELECTOR = YES;
				GCC_WARN_UNINITIALIZED_AUTOS = YES_AGGRESSIVE;
				GCC_WARN_UNUSED_FUNCTION = YES;
				GCC_WARN_UNUSED_VARIABLE = YES;
				IPHONEOS_DEPLOYMENT_TARGET = 14.4;
				MTL_ENABLE_DEBUG_INFO = INCLUDE_SOURCE;
				MTL_FAST_MATH = YES;
				ONLY_ACTIVE_ARCH = YES;
				SDKROOT = iphoneos;
				SWIFT_ACTIVE_COMPILATION_CONDITIONS = DEBUG;
				SWIFT_OPTIMIZATION_LEVEL = "-Onone";
			};
			name = Debug;
		};
		1CA4C70C261D36080041903B /* Release */ = {
			isa = XCBuildConfiguration;
			buildSettings = {
				ALWAYS_SEARCH_USER_PATHS = NO;
				CLANG_ANALYZER_NONNULL = YES;
				CLANG_ANALYZER_NUMBER_OBJECT_CONVERSION = YES_AGGRESSIVE;
				CLANG_CXX_LANGUAGE_STANDARD = "gnu++14";
				CLANG_CXX_LIBRARY = "libc++";
				CLANG_ENABLE_MODULES = YES;
				CLANG_ENABLE_OBJC_ARC = YES;
				CLANG_ENABLE_OBJC_WEAK = YES;
				CLANG_WARN_BLOCK_CAPTURE_AUTORELEASING = YES;
				CLANG_WARN_BOOL_CONVERSION = YES;
				CLANG_WARN_COMMA = YES;
				CLANG_WARN_CONSTANT_CONVERSION = YES;
				CLANG_WARN_DEPRECATED_OBJC_IMPLEMENTATIONS = YES;
				CLANG_WARN_DIRECT_OBJC_ISA_USAGE = YES_ERROR;
				CLANG_WARN_DOCUMENTATION_COMMENTS = YES;
				CLANG_WARN_EMPTY_BODY = YES;
				CLANG_WARN_ENUM_CONVERSION = YES;
				CLANG_WARN_INFINITE_RECURSION = YES;
				CLANG_WARN_INT_CONVERSION = YES;
				CLANG_WARN_NON_LITERAL_NULL_CONVERSION = YES;
				CLANG_WARN_OBJC_IMPLICIT_RETAIN_SELF = YES;
				CLANG_WARN_OBJC_LITERAL_CONVERSION = YES;
				CLANG_WARN_OBJC_ROOT_CLASS = YES_ERROR;
				CLANG_WARN_QUOTED_INCLUDE_IN_FRAMEWORK_HEADER = YES;
				CLANG_WARN_RANGE_LOOP_ANALYSIS = YES;
				CLANG_WARN_STRICT_PROTOTYPES = YES;
				CLANG_WARN_SUSPICIOUS_MOVE = YES;
				CLANG_WARN_UNGUARDED_AVAILABILITY = YES_AGGRESSIVE;
				CLANG_WARN_UNREACHABLE_CODE = YES;
				CLANG_WARN__DUPLICATE_METHOD_MATCH = YES;
				COPY_PHASE_STRIP = NO;
				DEBUG_INFORMATION_FORMAT = "dwarf-with-dsym";
				ENABLE_NS_ASSERTIONS = NO;
				ENABLE_STRICT_OBJC_MSGSEND = YES;
				GCC_C_LANGUAGE_STANDARD = gnu11;
				GCC_NO_COMMON_BLOCKS = YES;
				GCC_WARN_64_TO_32_BIT_CONVERSION = YES;
				GCC_WARN_ABOUT_RETURN_TYPE = YES_ERROR;
				GCC_WARN_UNDECLARED_SELECTOR = YES;
				GCC_WARN_UNINITIALIZED_AUTOS = YES_AGGRESSIVE;
				GCC_WARN_UNUSED_FUNCTION = YES;
				GCC_WARN_UNUSED_VARIABLE = YES;
				IPHONEOS_DEPLOYMENT_TARGET = 14.4;
				MTL_ENABLE_DEBUG_INFO = NO;
				MTL_FAST_MATH = YES;
				SDKROOT = iphoneos;
				SWIFT_COMPILATION_MODE = wholemodule;
				SWIFT_OPTIMIZATION_LEVEL = "-O";
				VALIDATE_PRODUCT = YES;
			};
			name = Release;
		};
		1CA4C70E261D36080041903B /* Debug */ = {
			isa = XCBuildConfiguration;
			buildSettings = {
				ASSETCATALOG_COMPILER_APPICON_NAME = AppIcon;
				ASSETCATALOG_COMPILER_GLOBAL_ACCENT_COLOR_NAME = AccentColor;
				CODE_SIGN_STYLE = Automatic;
				INFOPLIST_FILE = PrimeiroApp/Info.plist;
				LD_RUNPATH_SEARCH_PATHS = (
					"$(inherited)",
					"@executable_path/Frameworks",
				);
				PRODUCT_BUNDLE_IDENTIFIER = RenilsonMoreira.PrimeiroApp;
				PRODUCT_NAME = "$(TARGET_NAME)";
				SWIFT_VERSION = 5.0;
				TARGETED_DEVICE_FAMILY = "1,2";
			};
			name = Debug;
		};
		1CA4C70F261D36080041903B /* Release */ = {
			isa = XCBuildConfiguration;
			buildSettings = {
				ASSETCATALOG_COMPILER_APPICON_NAME = AppIcon;
				ASSETCATALOG_COMPILER_GLOBAL_ACCENT_COLOR_NAME = AccentColor;
				CODE_SIGN_STYLE = Automatic;
				INFOPLIST_FILE = PrimeiroApp/Info.plist;
				LD_RUNPATH_SEARCH_PATHS = (
					"$(inherited)",
					"@executable_path/Frameworks",
				);
				PRODUCT_BUNDLE_IDENTIFIER = RenilsonMoreira.PrimeiroApp;
				PRODUCT_NAME = "$(TARGET_NAME)";
				SWIFT_VERSION = 5.0;
				TARGETED_DEVICE_FAMILY = "1,2";
			};
			name = Release;
		};
		1CA4C711261D36080041903B /* Debug */ = {
			isa = XCBuildConfiguration;
			buildSettings = {
				ALWAYS_EMBED_SWIFT_STANDARD_LIBRARIES = YES;
				BUNDLE_LOADER = "$(TEST_HOST)";
				CODE_SIGN_STYLE = Automatic;
				INFOPLIST_FILE = PrimeiroAppTests/Info.plist;
				IPHONEOS_DEPLOYMENT_TARGET = 14.4;
				LD_RUNPATH_SEARCH_PATHS = (
					"$(inherited)",
					"@executable_path/Frameworks",
					"@loader_path/Frameworks",
				);
				PRODUCT_BUNDLE_IDENTIFIER = RenilsonMoreira.PrimeiroAppTests;
				PRODUCT_NAME = "$(TARGET_NAME)";
				SWIFT_VERSION = 5.0;
				TARGETED_DEVICE_FAMILY = "1,2";
				TEST_HOST = "$(BUILT_PRODUCTS_DIR)/PrimeiroApp.app/PrimeiroApp";
			};
			name = Debug;
		};
		1CA4C712261D36080041903B /* Release */ = {
			isa = XCBuildConfiguration;
			buildSettings = {
				ALWAYS_EMBED_SWIFT_STANDARD_LIBRARIES = YES;
				BUNDLE_LOADER = "$(TEST_HOST)";
				CODE_SIGN_STYLE = Automatic;
				INFOPLIST_FILE = PrimeiroAppTests/Info.plist;
				IPHONEOS_DEPLOYMENT_TARGET = 14.4;
				LD_RUNPATH_SEARCH_PATHS = (
					"$(inherited)",
					"@executable_path/Frameworks",
					"@loader_path/Frameworks",
				);
				PRODUCT_BUNDLE_IDENTIFIER = RenilsonMoreira.PrimeiroAppTests;
				PRODUCT_NAME = "$(TARGET_NAME)";
				SWIFT_VERSION = 5.0;
				TARGETED_DEVICE_FAMILY = "1,2";
				TEST_HOST = "$(BUILT_PRODUCTS_DIR)/PrimeiroApp.app/PrimeiroApp";
			};
			name = Release;
		};
		1CA4C714261D36080041903B /* Debug */ = {
			isa = XCBuildConfiguration;
			buildSettings = {
				ALWAYS_EMBED_SWIFT_STANDARD_LIBRARIES = YES;
				CODE_SIGN_STYLE = Automatic;
				INFOPLIST_FILE = PrimeiroAppUITests/Info.plist;
				LD_RUNPATH_SEARCH_PATHS = (
					"$(inherited)",
					"@executable_path/Frameworks",
					"@loader_path/Frameworks",
				);
				PRODUCT_BUNDLE_IDENTIFIER = RenilsonMoreira.PrimeiroAppUITests;
				PRODUCT_NAME = "$(TARGET_NAME)";
				SWIFT_VERSION = 5.0;
				TARGETED_DEVICE_FAMILY = "1,2";
				TEST_TARGET_NAME = PrimeiroApp;
			};
			name = Debug;
		};
		1CA4C715261D36080041903B /* Release */ = {
			isa = XCBuildConfiguration;
			buildSettings = {
				ALWAYS_EMBED_SWIFT_STANDARD_LIBRARIES = YES;
				CODE_SIGN_STYLE = Automatic;
				INFOPLIST_FILE = PrimeiroAppUITests/Info.plist;
				LD_RUNPATH_SEARCH_PATHS = (
					"$(inherited)",
					"@executable_path/Frameworks",
					"@loader_path/Frameworks",
				);
				PRODUCT_BUNDLE_IDENTIFIER = RenilsonMoreira.PrimeiroAppUITests;
				PRODUCT_NAME = "$(TARGET_NAME)";
				SWIFT_VERSION = 5.0;
				TARGETED_DEVICE_FAMILY = "1,2";
				TEST_TARGET_NAME = PrimeiroApp;
			};
			name = Release;
		};
/* End XCBuildConfiguration section */

/* Begin XCConfigurationList section */
		1CA4C6DE261D36060041903B /* Build configuration list for PBXProject "PrimeiroApp" */ = {
			isa = XCConfigurationList;
			buildConfigurations = (
				1CA4C70B261D36080041903B /* Debug */,
				1CA4C70C261D36080041903B /* Release */,
			);
			defaultConfigurationIsVisible = 0;
			defaultConfigurationName = Release;
		};
		1CA4C70D261D36080041903B /* Build configuration list for PBXNativeTarget "PrimeiroApp" */ = {
			isa = XCConfigurationList;
			buildConfigurations = (
				1CA4C70E261D36080041903B /* Debug */,
				1CA4C70F261D36080041903B /* Release */,
			);
			defaultConfigurationIsVisible = 0;
			defaultConfigurationName = Release;
		};
		1CA4C710261D36080041903B /* Build configuration list for PBXNativeTarget "PrimeiroAppTests" */ = {
			isa = XCConfigurationList;
			buildConfigurations = (
				1CA4C711261D36080041903B /* Debug */,
				1CA4C712261D36080041903B /* Release */,
			);
			defaultConfigurationIsVisible = 0;
			defaultConfigurationName = Release;
		};
		1CA4C713261D36080041903B /* Build configuration list for PBXNativeTarget "PrimeiroAppUITests" */ = {
			isa = XCConfigurationList;
			buildConfigurations = (
				1CA4C714261D36080041903B /* Debug */,
				1CA4C715261D36080041903B /* Release */,
			);
			defaultConfigurationIsVisible = 0;
			defaultConfigurationName = Release;
		};
/* End XCConfigurationList section */
	};
	rootObject = 1CA4C6DB261D36060041903B /* Project object */;
}
