// !$*UTF8*$!
{
	archiveVersion = 1;
	classes = {
	};
	objectVersion = 50;
	objects = {

/* Begin PBXBuildFile section */
		1C45690C264C98F300ECC187 /* AppDelegate.swift in Sources */ = {isa = PBXBuildFile; fileRef = 1C45690B264C98F300ECC187 /* AppDelegate.swift */; };
		1C45690E264C98F300ECC187 /* SceneDelegate.swift in Sources */ = {isa = PBXBuildFile; fileRef = 1C45690D264C98F300ECC187 /* SceneDelegate.swift */; };
		1C456910264C98F300ECC187 /* ViewController.swift in Sources */ = {isa = PBXBuildFile; fileRef = 1C45690F264C98F300ECC187 /* ViewController.swift */; };
		1C456913264C98F300ECC187 /* Main.storyboard in Resources */ = {isa = PBXBuildFile; fileRef = 1C456911264C98F300ECC187 /* Main.storyboard */; };
		1C456916264C98F300ECC187 /* CalculoSalarialPOO.xcdatamodeld in Sources */ = {isa = PBXBuildFile; fileRef = 1C456914264C98F300ECC187 /* CalculoSalarialPOO.xcdatamodeld */; };
		1C456918264C98F900ECC187 /* Assets.xcassets in Resources */ = {isa = PBXBuildFile; fileRef = 1C456917264C98F900ECC187 /* Assets.xcassets */; };
		1C45691B264C98F900ECC187 /* LaunchScreen.storyboard in Resources */ = {isa = PBXBuildFile; fileRef = 1C456919264C98F900ECC187 /* LaunchScreen.storyboard */; };
		1C456926264C98F900ECC187 /* CalculoSalarialPOOTests.swift in Sources */ = {isa = PBXBuildFile; fileRef = 1C456925264C98F900ECC187 /* CalculoSalarialPOOTests.swift */; };
		1C456931264C98F900ECC187 /* CalculoSalarialPOOUITests.swift in Sources */ = {isa = PBXBuildFile; fileRef = 1C456930264C98F900ECC187 /* CalculoSalarialPOOUITests.swift */; };
		1C45694C264CAE5000ECC187 /* CalculaSalarioDesenvolvedor.swift in Sources */ = {isa = PBXBuildFile; fileRef = 1C45694B264CAE5000ECC187 /* CalculaSalarioDesenvolvedor.swift */; };
		1C45695F264CB24700ECC187 /* MaquinaDeSalario.swift in Sources */ = {isa = PBXBuildFile; fileRef = 1C45695E264CB24700ECC187 /* MaquinaDeSalario.swift */; };
		1C45696F264CBFAC00ECC187 /* CalculaSalarioGerente.swift in Sources */ = {isa = PBXBuildFile; fileRef = 1C45696E264CBFAB00ECC187 /* CalculaSalarioGerente.swift */; };
		1C72E4F7264DA01F009E73B4 /* CalculaSalarioDBA.swift in Sources */ = {isa = PBXBuildFile; fileRef = 1C72E4F6264DA01F009E73B4 /* CalculaSalarioDBA.swift */; };
		1C72E4FC264DA0F9009E73B4 /* CalculaSalarioQA.swift in Sources */ = {isa = PBXBuildFile; fileRef = 1C72E4FB264DA0F9009E73B4 /* CalculaSalarioQA.swift */; };
		1C72E574264E0E60009E73B4 /* Desenvolvedor.swift in Sources */ = {isa = PBXBuildFile; fileRef = 1C72E573264E0E60009E73B4 /* Desenvolvedor.swift */; };
		1C72E57C264EAF46009E73B4 /* CalculadoraSalario.swift in Sources */ = {isa = PBXBuildFile; fileRef = 1C72E57B264EAF46009E73B4 /* CalculadoraSalario.swift */; };
		1C72E58D264EDDFB009E73B4 /* Funcionario.swift in Sources */ = {isa = PBXBuildFile; fileRef = 1C72E58C264EDDFB009E73B4 /* Funcionario.swift */; };
		1C72E595264F06AD009E73B4 /* QA.swift in Sources */ = {isa = PBXBuildFile; fileRef = 1C72E594264F06AD009E73B4 /* QA.swift */; };
		1C72E59A264F0726009E73B4 /* DBA.swift in Sources */ = {isa = PBXBuildFile; fileRef = 1C72E599264F0726009E73B4 /* DBA.swift */; };
		1C72E59F264F0764009E73B4 /* Gerente.swift in Sources */ = {isa = PBXBuildFile; fileRef = 1C72E59E264F0764009E73B4 /* Gerente.swift */; };
/* End PBXBuildFile section */

/* Begin PBXContainerItemProxy section */
		1C456922264C98F900ECC187 /* PBXContainerItemProxy */ = {
			isa = PBXContainerItemProxy;
			containerPortal = 1C456900264C98F300ECC187 /* Project object */;
			proxyType = 1;
			remoteGlobalIDString = 1C456907264C98F300ECC187;
			remoteInfo = CalculoSalarialPOO;
		};
		1C45692D264C98F900ECC187 /* PBXContainerItemProxy */ = {
			isa = PBXContainerItemProxy;
			containerPortal = 1C456900264C98F300ECC187 /* Project object */;
			proxyType = 1;
			remoteGlobalIDString = 1C456907264C98F300ECC187;
			remoteInfo = CalculoSalarialPOO;
		};
/* End PBXContainerItemProxy section */

/* Begin PBXFileReference section */
		1C456908264C98F300ECC187 /* CalculoSalarialPOO.app */ = {isa = PBXFileReference; explicitFileType = wrapper.application; includeInIndex = 0; path = CalculoSalarialPOO.app; sourceTree = BUILT_PRODUCTS_DIR; };
		1C45690B264C98F300ECC187 /* AppDelegate.swift */ = {isa = PBXFileReference; lastKnownFileType = sourcecode.swift; path = AppDelegate.swift; sourceTree = "<group>"; };
		1C45690D264C98F300ECC187 /* SceneDelegate.swift */ = {isa = PBXFileReference; lastKnownFileType = sourcecode.swift; path = SceneDelegate.swift; sourceTree = "<group>"; };
		1C45690F264C98F300ECC187 /* ViewController.swift */ = {isa = PBXFileReference; lastKnownFileType = sourcecode.swift; path = ViewController.swift; sourceTree = "<group>"; };
		1C456912264C98F300ECC187 /* Base */ = {isa = PBXFileReference; lastKnownFileType = file.storyboard; name = Base; path = Base.lproj/Main.storyboard; sourceTree = "<group>"; };
		1C456915264C98F300ECC187 /* CalculoSalarialPOO.xcdatamodel */ = {isa = PBXFileReference; lastKnownFileType = wrapper.xcdatamodel; path = CalculoSalarialPOO.xcdatamodel; sourceTree = "<group>"; };
		1C456917264C98F900ECC187 /* Assets.xcassets */ = {isa = PBXFileReference; lastKnownFileType = folder.assetcatalog; path = Assets.xcassets; sourceTree = "<group>"; };
		1C45691A264C98F900ECC187 /* Base */ = {isa = PBXFileReference; lastKnownFileType = file.storyboard; name = Base; path = Base.lproj/LaunchScreen.storyboard; sourceTree = "<group>"; };
		1C45691C264C98F900ECC187 /* Info.plist */ = {isa = PBXFileReference; lastKnownFileType = text.plist.xml; path = Info.plist; sourceTree = "<group>"; };
		1C456921264C98F900ECC187 /* CalculoSalarialPOOTests.xctest */ = {isa = PBXFileReference; explicitFileType = wrapper.cfbundle; includeInIndex = 0; path = CalculoSalarialPOOTests.xctest; sourceTree = BUILT_PRODUCTS_DIR; };
		1C456925264C98F900ECC187 /* CalculoSalarialPOOTests.swift */ = {isa = PBXFileReference; lastKnownFileType = sourcecode.swift; path = CalculoSalarialPOOTests.swift; sourceTree = "<group>"; };
		1C456927264C98F900ECC187 /* Info.plist */ = {isa = PBXFileReference; lastKnownFileType = text.plist.xml; path = Info.plist; sourceTree = "<group>"; };
		1C45692C264C98F900ECC187 /* CalculoSalarialPOOUITests.xctest */ = {isa = PBXFileReference; explicitFileType = wrapper.cfbundle; includeInIndex = 0; path = CalculoSalarialPOOUITests.xctest; sourceTree = BUILT_PRODUCTS_DIR; };
		1C456930264C98F900ECC187 /* CalculoSalarialPOOUITests.swift */ = {isa = PBXFileReference; lastKnownFileType = sourcecode.swift; path = CalculoSalarialPOOUITests.swift; sourceTree = "<group>"; };
		1C456932264C98F900ECC187 /* Info.plist */ = {isa = PBXFileReference; lastKnownFileType = text.plist.xml; path = Info.plist; sourceTree = "<group>"; };
		1C456941264C991D00ECC187 /* MyPlayground.playground */ = {isa = PBXFileReference; lastKnownFileType = file.playground; path = MyPlayground.playground; sourceTree = "<group>"; xcLanguageSpecificationIdentifier = xcode.lang.swift; };
		1C45694B264CAE5000ECC187 /* CalculaSalarioDesenvolvedor.swift */ = {isa = PBXFileReference; lastKnownFileType = sourcecode.swift; path = CalculaSalarioDesenvolvedor.swift; sourceTree = "<group>"; };
		1C45695E264CB24700ECC187 /* MaquinaDeSalario.swift */ = {isa = PBXFileReference; lastKnownFileType = sourcecode.swift; path = MaquinaDeSalario.swift; sourceTree = "<group>"; };
		1C45696E264CBFAB00ECC187 /* CalculaSalarioGerente.swift */ = {isa = PBXFileReference; lastKnownFileType = sourcecode.swift; path = CalculaSalarioGerente.swift; sourceTree = "<group>"; };
		1C72E4F6264DA01F009E73B4 /* CalculaSalarioDBA.swift */ = {isa = PBXFileReference; lastKnownFileType = sourcecode.swift; path = CalculaSalarioDBA.swift; sourceTree = "<group>"; };
		1C72E4FB264DA0F9009E73B4 /* CalculaSalarioQA.swift */ = {isa = PBXFileReference; lastKnownFileType = sourcecode.swift; path = CalculaSalarioQA.swift; sourceTree = "<group>"; };
		1C72E573264E0E60009E73B4 /* Desenvolvedor.swift */ = {isa = PBXFileReference; lastKnownFileType = sourcecode.swift; path = Desenvolvedor.swift; sourceTree = "<group>"; };
		1C72E57B264EAF46009E73B4 /* CalculadoraSalario.swift */ = {isa = PBXFileReference; lastKnownFileType = sourcecode.swift; path = CalculadoraSalario.swift; sourceTree = "<group>"; };
		1C72E58C264EDDFB009E73B4 /* Funcionario.swift */ = {isa = PBXFileReference; lastKnownFileType = sourcecode.swift; path = Funcionario.swift; sourceTree = "<group>"; };
		1C72E594264F06AD009E73B4 /* QA.swift */ = {isa = PBXFileReference; lastKnownFileType = sourcecode.swift; path = QA.swift; sourceTree = "<group>"; };
		1C72E599264F0726009E73B4 /* DBA.swift */ = {isa = PBXFileReference; lastKnownFileType = sourcecode.swift; path = DBA.swift; sourceTree = "<group>"; };
		1C72E59E264F0764009E73B4 /* Gerente.swift */ = {isa = PBXFileReference; lastKnownFileType = sourcecode.swift; path = Gerente.swift; sourceTree = "<group>"; };
/* End PBXFileReference section */

/* Begin PBXFrameworksBuildPhase section */
		1C456905264C98F300ECC187 /* Frameworks */ = {
			isa = PBXFrameworksBuildPhase;
			buildActionMask = 2147483647;
			files = (
			);
			runOnlyForDeploymentPostprocessing = 0;
		};
		1C45691E264C98F900ECC187 /* Frameworks */ = {
			isa = PBXFrameworksBuildPhase;
			buildActionMask = 2147483647;
			files = (
			);
			runOnlyForDeploymentPostprocessing = 0;
		};
		1C456929264C98F900ECC187 /* Frameworks */ = {
			isa = PBXFrameworksBuildPhase;
			buildActionMask = 2147483647;
			files = (
			);
			runOnlyForDeploymentPostprocessing = 0;
		};
/* End PBXFrameworksBuildPhase section */

/* Begin PBXGroup section */
		1C4568FF264C98F300ECC187 = {
			isa = PBXGroup;
			children = (
				1C456941264C991D00ECC187 /* MyPlayground.playground */,
				1C45690A264C98F300ECC187 /* CalculoSalarialPOO */,
				1C456924264C98F900ECC187 /* CalculoSalarialPOOTests */,
				1C45692F264C98F900ECC187 /* CalculoSalarialPOOUITests */,
				1C456909264C98F300ECC187 /* Products */,
			);
			sourceTree = "<group>";
		};
		1C456909264C98F300ECC187 /* Products */ = {
			isa = PBXGroup;
			children = (
				1C456908264C98F300ECC187 /* CalculoSalarialPOO.app */,
				1C456921264C98F900ECC187 /* CalculoSalarialPOOTests.xctest */,
				1C45692C264C98F900ECC187 /* CalculoSalarialPOOUITests.xctest */,
			);
			name = Products;
			sourceTree = "<group>";
		};
		1C45690A264C98F300ECC187 /* CalculoSalarialPOO */ = {
			isa = PBXGroup;
			children = (
				1C72E56A264E0B52009E73B4 /* Protocolo */,
				1C45695C264CB21800ECC187 /* Funcionarios */,
				1C45695D264CB22C00ECC187 /* ImprimeDados */,
				1C45694A264CAE3000ECC187 /* CalculaSalarios */,
				1C45690F264C98F300ECC187 /* ViewController.swift */,
				1C45690B264C98F300ECC187 /* AppDelegate.swift */,
				1C45690D264C98F300ECC187 /* SceneDelegate.swift */,
				1C456911264C98F300ECC187 /* Main.storyboard */,
				1C456917264C98F900ECC187 /* Assets.xcassets */,
				1C456919264C98F900ECC187 /* LaunchScreen.storyboard */,
				1C45691C264C98F900ECC187 /* Info.plist */,
				1C456914264C98F300ECC187 /* CalculoSalarialPOO.xcdatamodeld */,
			);
			path = CalculoSalarialPOO;
			sourceTree = "<group>";
		};
		1C456924264C98F900ECC187 /* CalculoSalarialPOOTests */ = {
			isa = PBXGroup;
			children = (
				1C456925264C98F900ECC187 /* CalculoSalarialPOOTests.swift */,
				1C456927264C98F900ECC187 /* Info.plist */,
			);
			path = CalculoSalarialPOOTests;
			sourceTree = "<group>";
		};
		1C45692F264C98F900ECC187 /* CalculoSalarialPOOUITests */ = {
			isa = PBXGroup;
			children = (
				1C456930264C98F900ECC187 /* CalculoSalarialPOOUITests.swift */,
				1C456932264C98F900ECC187 /* Info.plist */,
			);
			path = CalculoSalarialPOOUITests;
			sourceTree = "<group>";
		};
		1C45694A264CAE3000ECC187 /* CalculaSalarios */ = {
			isa = PBXGroup;
			children = (
				1C45694B264CAE5000ECC187 /* CalculaSalarioDesenvolvedor.swift */,
				1C72E4F6264DA01F009E73B4 /* CalculaSalarioDBA.swift */,
				1C72E4FB264DA0F9009E73B4 /* CalculaSalarioQA.swift */,
				1C45696E264CBFAB00ECC187 /* CalculaSalarioGerente.swift */,
			);
			path = CalculaSalarios;
			sourceTree = "<group>";
		};
		1C45695C264CB21800ECC187 /* Funcionarios */ = {
			isa = PBXGroup;
			children = (
				1C72E58C264EDDFB009E73B4 /* Funcionario.swift */,
				1C72E573264E0E60009E73B4 /* Desenvolvedor.swift */,
				1C72E594264F06AD009E73B4 /* QA.swift */,
				1C72E599264F0726009E73B4 /* DBA.swift */,
				1C72E59E264F0764009E73B4 /* Gerente.swift */,
			);
			path = Funcionarios;
			sourceTree = "<group>";
		};
		1C45695D264CB22C00ECC187 /* ImprimeDados */ = {
			isa = PBXGroup;
			children = (
				1C45695E264CB24700ECC187 /* MaquinaDeSalario.swift */,
			);
			path = ImprimeDados;
			sourceTree = "<group>";
		};
		1C72E56A264E0B52009E73B4 /* Protocolo */ = {
			isa = PBXGroup;
			children = (
				1C72E57B264EAF46009E73B4 /* CalculadoraSalario.swift */,
			);
			path = Protocolo;
			sourceTree = "<group>";
		};
/* End PBXGroup section */

/* Begin PBXNativeTarget section */
		1C456907264C98F300ECC187 /* CalculoSalarialPOO */ = {
			isa = PBXNativeTarget;
			buildConfigurationList = 1C456935264C98F900ECC187 /* Build configuration list for PBXNativeTarget "CalculoSalarialPOO" */;
			buildPhases = (
				1C456904264C98F300ECC187 /* Sources */,
				1C456905264C98F300ECC187 /* Frameworks */,
				1C456906264C98F300ECC187 /* Resources */,
			);
			buildRules = (
			);
			dependencies = (
			);
			name = CalculoSalarialPOO;
			productName = CalculoSalarialPOO;
			productReference = 1C456908264C98F300ECC187 /* CalculoSalarialPOO.app */;
			productType = "com.apple.product-type.application";
		};
		1C456920264C98F900ECC187 /* CalculoSalarialPOOTests */ = {
			isa = PBXNativeTarget;
			buildConfigurationList = 1C456938264C98F900ECC187 /* Build configuration list for PBXNativeTarget "CalculoSalarialPOOTests" */;
			buildPhases = (
				1C45691D264C98F900ECC187 /* Sources */,
				1C45691E264C98F900ECC187 /* Frameworks */,
				1C45691F264C98F900ECC187 /* Resources */,
			);
			buildRules = (
			);
			dependencies = (
				1C456923264C98F900ECC187 /* PBXTargetDependency */,
			);
			name = CalculoSalarialPOOTests;
			productName = CalculoSalarialPOOTests;
			productReference = 1C456921264C98F900ECC187 /* CalculoSalarialPOOTests.xctest */;
			productType = "com.apple.product-type.bundle.unit-test";
		};
		1C45692B264C98F900ECC187 /* CalculoSalarialPOOUITests */ = {
			isa = PBXNativeTarget;
			buildConfigurationList = 1C45693B264C98F900ECC187 /* Build configuration list for PBXNativeTarget "CalculoSalarialPOOUITests" */;
			buildPhases = (
				1C456928264C98F900ECC187 /* Sources */,
				1C456929264C98F900ECC187 /* Frameworks */,
				1C45692A264C98F900ECC187 /* Resources */,
			);
			buildRules = (
			);
			dependencies = (
				1C45692E264C98F900ECC187 /* PBXTargetDependency */,
			);
			name = CalculoSalarialPOOUITests;
			productName = CalculoSalarialPOOUITests;
			productReference = 1C45692C264C98F900ECC187 /* CalculoSalarialPOOUITests.xctest */;
			productType = "com.apple.product-type.bundle.ui-testing";
		};
/* End PBXNativeTarget section */

/* Begin PBXProject section */
		1C456900264C98F300ECC187 /* Project object */ = {
			isa = PBXProject;
			attributes = {
				LastSwiftUpdateCheck = 1240;
				LastUpgradeCheck = 1240;
				TargetAttributes = {
					1C456907264C98F300ECC187 = {
						CreatedOnToolsVersion = 12.4;
					};
					1C456920264C98F900ECC187 = {
						CreatedOnToolsVersion = 12.4;
						TestTargetID = 1C456907264C98F300ECC187;
					};
					1C45692B264C98F900ECC187 = {
						CreatedOnToolsVersion = 12.4;
						TestTargetID = 1C456907264C98F300ECC187;
					};
				};
			};
			buildConfigurationList = 1C456903264C98F300ECC187 /* Build configuration list for PBXProject "CalculoSalarialPOO" */;
			compatibilityVersion = "Xcode 9.3";
			developmentRegion = en;
			hasScannedForEncodings = 0;
			knownRegions = (
				en,
				Base,
			);
			mainGroup = 1C4568FF264C98F300ECC187;
			productRefGroup = 1C456909264C98F300ECC187 /* Products */;
			projectDirPath = "";
			projectRoot = "";
			targets = (
				1C456907264C98F300ECC187 /* CalculoSalarialPOO */,
				1C456920264C98F900ECC187 /* CalculoSalarialPOOTests */,
				1C45692B264C98F900ECC187 /* CalculoSalarialPOOUITests */,
			);
		};
/* End PBXProject section */

/* Begin PBXResourcesBuildPhase section */
		1C456906264C98F300ECC187 /* Resources */ = {
			isa = PBXResourcesBuildPhase;
			buildActionMask = 2147483647;
			files = (
				1C45691B264C98F900ECC187 /* LaunchScreen.storyboard in Resources */,
				1C456918264C98F900ECC187 /* Assets.xcassets in Resources */,
				1C456913264C98F300ECC187 /* Main.storyboard in Resources */,
			);
			runOnlyForDeploymentPostprocessing = 0;
		};
		1C45691F264C98F900ECC187 /* Resources */ = {
			isa = PBXResourcesBuildPhase;
			buildActionMask = 2147483647;
			files = (
			);
			runOnlyForDeploymentPostprocessing = 0;
		};
		1C45692A264C98F900ECC187 /* Resources */ = {
			isa = PBXResourcesBuildPhase;
			buildActionMask = 2147483647;
			files = (
			);
			runOnlyForDeploymentPostprocessing = 0;
		};
/* End PBXResourcesBuildPhase section */

/* Begin PBXSourcesBuildPhase section */
		1C456904264C98F300ECC187 /* Sources */ = {
			isa = PBXSourcesBuildPhase;
			buildActionMask = 2147483647;
			files = (
				1C72E4F7264DA01F009E73B4 /* CalculaSalarioDBA.swift in Sources */,
				1C72E58D264EDDFB009E73B4 /* Funcionario.swift in Sources */,
				1C72E57C264EAF46009E73B4 /* CalculadoraSalario.swift in Sources */,
				1C456910264C98F300ECC187 /* ViewController.swift in Sources */,
				1C72E59F264F0764009E73B4 /* Gerente.swift in Sources */,
				1C456916264C98F300ECC187 /* CalculoSalarialPOO.xcdatamodeld in Sources */,
				1C45690C264C98F300ECC187 /* AppDelegate.swift in Sources */,
				1C45696F264CBFAC00ECC187 /* CalculaSalarioGerente.swift in Sources */,
				1C72E595264F06AD009E73B4 /* QA.swift in Sources */,
				1C45695F264CB24700ECC187 /* MaquinaDeSalario.swift in Sources */,
				1C45690E264C98F300ECC187 /* SceneDelegate.swift in Sources */,
				1C45694C264CAE5000ECC187 /* CalculaSalarioDesenvolvedor.swift in Sources */,
				1C72E59A264F0726009E73B4 /* DBA.swift in Sources */,
				1C72E574264E0E60009E73B4 /* Desenvolvedor.swift in Sources */,
				1C72E4FC264DA0F9009E73B4 /* CalculaSalarioQA.swift in Sources */,
			);
			runOnlyForDeploymentPostprocessing = 0;
		};
		1C45691D264C98F900ECC187 /* Sources */ = {
			isa = PBXSourcesBuildPhase;
			buildActionMask = 2147483647;
			files = (
				1C456926264C98F900ECC187 /* CalculoSalarialPOOTests.swift in Sources */,
			);
			runOnlyForDeploymentPostprocessing = 0;
		};
		1C456928264C98F900ECC187 /* Sources */ = {
			isa = PBXSourcesBuildPhase;
			buildActionMask = 2147483647;
			files = (
				1C456931264C98F900ECC187 /* CalculoSalarialPOOUITests.swift in Sources */,
			);
			runOnlyForDeploymentPostprocessing = 0;
		};
/* End PBXSourcesBuildPhase section */

/* Begin PBXTargetDependency section */
		1C456923264C98F900ECC187 /* PBXTargetDependency */ = {
			isa = PBXTargetDependency;
			target = 1C456907264C98F300ECC187 /* CalculoSalarialPOO */;
			targetProxy = 1C456922264C98F900ECC187 /* PBXContainerItemProxy */;
		};
		1C45692E264C98F900ECC187 /* PBXTargetDependency */ = {
			isa = PBXTargetDependency;
			target = 1C456907264C98F300ECC187 /* CalculoSalarialPOO */;
			targetProxy = 1C45692D264C98F900ECC187 /* PBXContainerItemProxy */;
		};
/* End PBXTargetDependency section */

/* Begin PBXVariantGroup section */
		1C456911264C98F300ECC187 /* Main.storyboard */ = {
			isa = PBXVariantGroup;
			children = (
				1C456912264C98F300ECC187 /* Base */,
			);
			name = Main.storyboard;
			sourceTree = "<group>";
		};
		1C456919264C98F900ECC187 /* LaunchScreen.storyboard */ = {
			isa = PBXVariantGroup;
			children = (
				1C45691A264C98F900ECC187 /* Base */,
			);
			name = LaunchScreen.storyboard;
			sourceTree = "<group>";
		};
/* End PBXVariantGroup section */

/* Begin XCBuildConfiguration section */
		1C456933264C98F900ECC187 /* Debug */ = {
			isa = XCBuildConfiguration;
			buildSettings = {
				ALWAYS_SEARCH_USER_PATHS = NO;
				CLANG_ANALYZER_NONNULL = YES;
				CLANG_ANALYZER_NUMBER_OBJECT_CONVERSION = YES_AGGRESSIVE;
				CLANG_CXX_LANGUAGE_STANDARD = "gnu++14";
				CLANG_CXX_LIBRARY = "libc++";
				CLANG_ENABLE_MODULES = YES;
				CLANG_ENABLE_OBJC_ARC = YES;
				CLANG_ENABLE_OBJC_WEAK = YES;
				CLANG_WARN_BLOCK_CAPTURE_AUTORELEASING = YES;
				CLANG_WARN_BOOL_CONVERSION = YES;
				CLANG_WARN_COMMA = YES;
				CLANG_WARN_CONSTANT_CONVERSION = YES;
				CLANG_WARN_DEPRECATED_OBJC_IMPLEMENTATIONS = YES;
				CLANG_WARN_DIRECT_OBJC_ISA_USAGE = YES_ERROR;
				CLANG_WARN_DOCUMENTATION_COMMENTS = YES;
				CLANG_WARN_EMPTY_BODY = YES;
				CLANG_WARN_ENUM_CONVERSION = YES;
				CLANG_WARN_INFINITE_RECURSION = YES;
				CLANG_WARN_INT_CONVERSION = YES;
				CLANG_WARN_NON_LITERAL_NULL_CONVERSION = YES;
				CLANG_WARN_OBJC_IMPLICIT_RETAIN_SELF = YES;
				CLANG_WARN_OBJC_LITERAL_CONVERSION = YES;
				CLANG_WARN_OBJC_ROOT_CLASS = YES_ERROR;
				CLANG_WARN_QUOTED_INCLUDE_IN_FRAMEWORK_HEADER = YES;
				CLANG_WARN_RANGE_LOOP_ANALYSIS = YES;
				CLANG_WARN_STRICT_PROTOTYPES = YES;
				CLANG_WARN_SUSPICIOUS_MOVE = YES;
				CLANG_WARN_UNGUARDED_AVAILABILITY = YES_AGGRESSIVE;
				CLANG_WARN_UNREACHABLE_CODE = YES;
				CLANG_WARN__DUPLICATE_METHOD_MATCH = YES;
				COPY_PHASE_STRIP = NO;
				DEBUG_INFORMATION_FORMAT = dwarf;
				ENABLE_STRICT_OBJC_MSGSEND = YES;
				ENABLE_TESTABILITY = YES;
				GCC_C_LANGUAGE_STANDARD = gnu11;
				GCC_DYNAMIC_NO_PIC = NO;
				GCC_NO_COMMON_BLOCKS = YES;
				GCC_OPTIMIZATION_LEVEL = 0;
				GCC_PREPROCESSOR_DEFINITIONS = (
					"DEBUG=1",
					"$(inherited)",
				);
				GCC_WARN_64_TO_32_BIT_CONVERSION = YES;
				GCC_WARN_ABOUT_RETURN_TYPE = YES_ERROR;
				GCC_WARN_UNDECLARED_SELECTOR = YES;
				GCC_WARN_UNINITIALIZED_AUTOS = YES_AGGRESSIVE;
				GCC_WARN_UNUSED_FUNCTION = YES;
				GCC_WARN_UNUSED_VARIABLE = YES;
				IPHONEOS_DEPLOYMENT_TARGET = 14.4;
				MTL_ENABLE_DEBUG_INFO = INCLUDE_SOURCE;
				MTL_FAST_MATH = YES;
				ONLY_ACTIVE_ARCH = YES;
				SDKROOT = iphoneos;
				SWIFT_ACTIVE_COMPILATION_CONDITIONS = DEBUG;
				SWIFT_OPTIMIZATION_LEVEL = "-Onone";
			};
			name = Debug;
		};
		1C456934264C98F900ECC187 /* Release */ = {
			isa = XCBuildConfiguration;
			buildSettings = {
				ALWAYS_SEARCH_USER_PATHS = NO;
				CLANG_ANALYZER_NONNULL = YES;
				CLANG_ANALYZER_NUMBER_OBJECT_CONVERSION = YES_AGGRESSIVE;
				CLANG_CXX_LANGUAGE_STANDARD = "gnu++14";
				CLANG_CXX_LIBRARY = "libc++";
				CLANG_ENABLE_MODULES = YES;
				CLANG_ENABLE_OBJC_ARC = YES;
				CLANG_ENABLE_OBJC_WEAK = YES;
				CLANG_WARN_BLOCK_CAPTURE_AUTORELEASING = YES;
				CLANG_WARN_BOOL_CONVERSION = YES;
				CLANG_WARN_COMMA = YES;
				CLANG_WARN_CONSTANT_CONVERSION = YES;
				CLANG_WARN_DEPRECATED_OBJC_IMPLEMENTATIONS = YES;
				CLANG_WARN_DIRECT_OBJC_ISA_USAGE = YES_ERROR;
				CLANG_WARN_DOCUMENTATION_COMMENTS = YES;
				CLANG_WARN_EMPTY_BODY = YES;
				CLANG_WARN_ENUM_CONVERSION = YES;
				CLANG_WARN_INFINITE_RECURSION = YES;
				CLANG_WARN_INT_CONVERSION = YES;
				CLANG_WARN_NON_LITERAL_NULL_CONVERSION = YES;
				CLANG_WARN_OBJC_IMPLICIT_RETAIN_SELF = YES;
				CLANG_WARN_OBJC_LITERAL_CONVERSION = YES;
				CLANG_WARN_OBJC_ROOT_CLASS = YES_ERROR;
				CLANG_WARN_QUOTED_INCLUDE_IN_FRAMEWORK_HEADER = YES;
				CLANG_WARN_RANGE_LOOP_ANALYSIS = YES;
				CLANG_WARN_STRICT_PROTOTYPES = YES;
				CLANG_WARN_SUSPICIOUS_MOVE = YES;
				CLANG_WARN_UNGUARDED_AVAILABILITY = YES_AGGRESSIVE;
				CLANG_WARN_UNREACHABLE_CODE = YES;
				CLANG_WARN__DUPLICATE_METHOD_MATCH = YES;
				COPY_PHASE_STRIP = NO;
				DEBUG_INFORMATION_FORMAT = "dwarf-with-dsym";
				ENABLE_NS_ASSERTIONS = NO;
				ENABLE_STRICT_OBJC_MSGSEND = YES;
				GCC_C_LANGUAGE_STANDARD = gnu11;
				GCC_NO_COMMON_BLOCKS = YES;
				GCC_WARN_64_TO_32_BIT_CONVERSION = YES;
				GCC_WARN_ABOUT_RETURN_TYPE = YES_ERROR;
				GCC_WARN_UNDECLARED_SELECTOR = YES;
				GCC_WARN_UNINITIALIZED_AUTOS = YES_AGGRESSIVE;
				GCC_WARN_UNUSED_FUNCTION = YES;
				GCC_WARN_UNUSED_VARIABLE = YES;
				IPHONEOS_DEPLOYMENT_TARGET = 14.4;
				MTL_ENABLE_DEBUG_INFO = NO;
				MTL_FAST_MATH = YES;
				SDKROOT = iphoneos;
				SWIFT_COMPILATION_MODE = wholemodule;
				SWIFT_OPTIMIZATION_LEVEL = "-O";
				VALIDATE_PRODUCT = YES;
			};
			name = Release;
		};
		1C456936264C98F900ECC187 /* Debug */ = {
			isa = XCBuildConfiguration;
			buildSettings = {
				ASSETCATALOG_COMPILER_APPICON_NAME = AppIcon;
				ASSETCATALOG_COMPILER_GLOBAL_ACCENT_COLOR_NAME = AccentColor;
				CODE_SIGN_STYLE = Automatic;
				INFOPLIST_FILE = CalculoSalarialPOO/Info.plist;
				LD_RUNPATH_SEARCH_PATHS = (
					"$(inherited)",
					"@executable_path/Frameworks",
				);
				PRODUCT_BUNDLE_IDENTIFIER = RenilsonMoreira.CalculoSalarialPOO;
				PRODUCT_NAME = "$(TARGET_NAME)";
				SWIFT_VERSION = 5.0;
				TARGETED_DEVICE_FAMILY = "1,2";
			};
			name = Debug;
		};
		1C456937264C98F900ECC187 /* Release */ = {
			isa = XCBuildConfiguration;
			buildSettings = {
				ASSETCATALOG_COMPILER_APPICON_NAME = AppIcon;
				ASSETCATALOG_COMPILER_GLOBAL_ACCENT_COLOR_NAME = AccentColor;
				CODE_SIGN_STYLE = Automatic;
				INFOPLIST_FILE = CalculoSalarialPOO/Info.plist;
				LD_RUNPATH_SEARCH_PATHS = (
					"$(inherited)",
					"@executable_path/Frameworks",
				);
				PRODUCT_BUNDLE_IDENTIFIER = RenilsonMoreira.CalculoSalarialPOO;
				PRODUCT_NAME = "$(TARGET_NAME)";
				SWIFT_VERSION = 5.0;
				TARGETED_DEVICE_FAMILY = "1,2";
			};
			name = Release;
		};
		1C456939264C98F900ECC187 /* Debug */ = {
			isa = XCBuildConfiguration;
			buildSettings = {
				ALWAYS_EMBED_SWIFT_STANDARD_LIBRARIES = YES;
				BUNDLE_LOADER = "$(TEST_HOST)";
				CODE_SIGN_STYLE = Automatic;
				INFOPLIST_FILE = CalculoSalarialPOOTests/Info.plist;
				IPHONEOS_DEPLOYMENT_TARGET = 14.4;
				LD_RUNPATH_SEARCH_PATHS = (
					"$(inherited)",
					"@executable_path/Frameworks",
					"@loader_path/Frameworks",
				);
				PRODUCT_BUNDLE_IDENTIFIER = RenilsonMoreira.CalculoSalarialPOOTests;
				PRODUCT_NAME = "$(TARGET_NAME)";
				SWIFT_VERSION = 5.0;
				TARGETED_DEVICE_FAMILY = "1,2";
				TEST_HOST = "$(BUILT_PRODUCTS_DIR)/CalculoSalarialPOO.app/CalculoSalarialPOO";
			};
			name = Debug;
		};
		1C45693A264C98F900ECC187 /* Release */ = {
			isa = XCBuildConfiguration;
			buildSettings = {
				ALWAYS_EMBED_SWIFT_STANDARD_LIBRARIES = YES;
				BUNDLE_LOADER = "$(TEST_HOST)";
				CODE_SIGN_STYLE = Automatic;
				INFOPLIST_FILE = CalculoSalarialPOOTests/Info.plist;
				IPHONEOS_DEPLOYMENT_TARGET = 14.4;
				LD_RUNPATH_SEARCH_PATHS = (
					"$(inherited)",
					"@executable_path/Frameworks",
					"@loader_path/Frameworks",
				);
				PRODUCT_BUNDLE_IDENTIFIER = RenilsonMoreira.CalculoSalarialPOOTests;
				PRODUCT_NAME = "$(TARGET_NAME)";
				SWIFT_VERSION = 5.0;
				TARGETED_DEVICE_FAMILY = "1,2";
				TEST_HOST = "$(BUILT_PRODUCTS_DIR)/CalculoSalarialPOO.app/CalculoSalarialPOO";
			};
			name = Release;
		};
		1C45693C264C98F900ECC187 /* Debug */ = {
			isa = XCBuildConfiguration;
			buildSettings = {
				ALWAYS_EMBED_SWIFT_STANDARD_LIBRARIES = YES;
				CODE_SIGN_STYLE = Automatic;
				INFOPLIST_FILE = CalculoSalarialPOOUITests/Info.plist;
				LD_RUNPATH_SEARCH_PATHS = (
					"$(inherited)",
					"@executable_path/Frameworks",
					"@loader_path/Frameworks",
				);
				PRODUCT_BUNDLE_IDENTIFIER = RenilsonMoreira.CalculoSalarialPOOUITests;
				PRODUCT_NAME = "$(TARGET_NAME)";
				SWIFT_VERSION = 5.0;
				TARGETED_DEVICE_FAMILY = "1,2";
				TEST_TARGET_NAME = CalculoSalarialPOO;
			};
			name = Debug;
		};
		1C45693D264C98F900ECC187 /* Release */ = {
			isa = XCBuildConfiguration;
			buildSettings = {
				ALWAYS_EMBED_SWIFT_STANDARD_LIBRARIES = YES;
				CODE_SIGN_STYLE = Automatic;
				INFOPLIST_FILE = CalculoSalarialPOOUITests/Info.plist;
				LD_RUNPATH_SEARCH_PATHS = (
					"$(inherited)",
					"@executable_path/Frameworks",
					"@loader_path/Frameworks",
				);
				PRODUCT_BUNDLE_IDENTIFIER = RenilsonMoreira.CalculoSalarialPOOUITests;
				PRODUCT_NAME = "$(TARGET_NAME)";
				SWIFT_VERSION = 5.0;
				TARGETED_DEVICE_FAMILY = "1,2";
				TEST_TARGET_NAME = CalculoSalarialPOO;
			};
			name = Release;
		};
/* End XCBuildConfiguration section */

/* Begin XCConfigurationList section */
		1C456903264C98F300ECC187 /* Build configuration list for PBXProject "CalculoSalarialPOO" */ = {
			isa = XCConfigurationList;
			buildConfigurations = (
				1C456933264C98F900ECC187 /* Debug */,
				1C456934264C98F900ECC187 /* Release */,
			);
			defaultConfigurationIsVisible = 0;
			defaultConfigurationName = Release;
		};
		1C456935264C98F900ECC187 /* Build configuration list for PBXNativeTarget "CalculoSalarialPOO" */ = {
			isa = XCConfigurationList;
			buildConfigurations = (
				1C456936264C98F900ECC187 /* Debug */,
				1C456937264C98F900ECC187 /* Release */,
			);
			defaultConfigurationIsVisible = 0;
			defaultConfigurationName = Release;
		};
		1C456938264C98F900ECC187 /* Build configuration list for PBXNativeTarget "CalculoSalarialPOOTests" */ = {
			isa = XCConfigurationList;
			buildConfigurations = (
				1C456939264C98F900ECC187 /* Debug */,
				1C45693A264C98F900ECC187 /* Release */,
			);
			defaultConfigurationIsVisible = 0;
			defaultConfigurationName = Release;
		};
		1C45693B264C98F900ECC187 /* Build configuration list for PBXNativeTarget "CalculoSalarialPOOUITests" */ = {
			isa = XCConfigurationList;
			buildConfigurations = (
				1C45693C264C98F900ECC187 /* Debug */,
				1C45693D264C98F900ECC187 /* Release */,
			);
			defaultConfigurationIsVisible = 0;
			defaultConfigurationName = Release;
		};
/* End XCConfigurationList section */

/* Begin XCVersionGroup section */
		1C456914264C98F300ECC187 /* CalculoSalarialPOO.xcdatamodeld */ = {
			isa = XCVersionGroup;
			children = (
				1C456915264C98F300ECC187 /* CalculoSalarialPOO.xcdatamodel */,
			);
			currentVersion = 1C456915264C98F300ECC187 /* CalculoSalarialPOO.xcdatamodel */;
			path = CalculoSalarialPOO.xcdatamodeld;
			sourceTree = "<group>";
			versionGroupType = wrapper.xcdatamodel;
		};
/* End XCVersionGroup section */
	};
	rootObject = 1C456900264C98F300ECC187 /* Project object */;
}
