// !$*UTF8*$!
{
	archiveVersion = 1;
	classes = {
	};
	objectVersion = 50;
	objects = {

/* Begin PBXBuildFile section */
		1C13E867263C4DBA00BA64B3 /* AppDelegate.swift in Sources */ = {isa = PBXBuildFile; fileRef = 1C13E866263C4DBA00BA64B3 /* AppDelegate.swift */; };
		1C13E869263C4DBA00BA64B3 /* SceneDelegate.swift in Sources */ = {isa = PBXBuildFile; fileRef = 1C13E868263C4DBA00BA64B3 /* SceneDelegate.swift */; };
		1C13E86E263C4DBA00BA64B3 /* Main.storyboard in Resources */ = {isa = PBXBuildFile; fileRef = 1C13E86C263C4DBA00BA64B3 /* Main.storyboard */; };
		1C13E871263C4DBA00BA64B3 /* Persistencia.xcdatamodeld in Sources */ = {isa = PBXBuildFile; fileRef = 1C13E86F263C4DBA00BA64B3 /* Persistencia.xcdatamodeld */; };
		1C13E873263C4DBC00BA64B3 /* Assets.xcassets in Resources */ = {isa = PBXBuildFile; fileRef = 1C13E872263C4DBC00BA64B3 /* Assets.xcassets */; };
		1C13E876263C4DBC00BA64B3 /* LaunchScreen.storyboard in Resources */ = {isa = PBXBuildFile; fileRef = 1C13E874263C4DBC00BA64B3 /* LaunchScreen.storyboard */; };
		1C13E881263C4DBD00BA64B3 /* PersistenciaTests.swift in Sources */ = {isa = PBXBuildFile; fileRef = 1C13E880263C4DBD00BA64B3 /* PersistenciaTests.swift */; };
		1C13E88C263C4DBD00BA64B3 /* PersistenciaUITests.swift in Sources */ = {isa = PBXBuildFile; fileRef = 1C13E88B263C4DBD00BA64B3 /* PersistenciaUITests.swift */; };
		1C13E8A0263C83F200BA64B3 /* ListarClientesTableViewController.swift in Sources */ = {isa = PBXBuildFile; fileRef = 1C13E89F263C83F200BA64B3 /* ListarClientesTableViewController.swift */; };
		1C13E8A5263C843100BA64B3 /* ClientesViewController.swift in Sources */ = {isa = PBXBuildFile; fileRef = 1C13E8A4263C843100BA64B3 /* ClientesViewController.swift */; };
/* End PBXBuildFile section */

/* Begin PBXContainerItemProxy section */
		1C13E87D263C4DBD00BA64B3 /* PBXContainerItemProxy */ = {
			isa = PBXContainerItemProxy;
			containerPortal = 1C13E85B263C4DBA00BA64B3 /* Project object */;
			proxyType = 1;
			remoteGlobalIDString = 1C13E862263C4DBA00BA64B3;
			remoteInfo = Persistencia;
		};
		1C13E888263C4DBD00BA64B3 /* PBXContainerItemProxy */ = {
			isa = PBXContainerItemProxy;
			containerPortal = 1C13E85B263C4DBA00BA64B3 /* Project object */;
			proxyType = 1;
			remoteGlobalIDString = 1C13E862263C4DBA00BA64B3;
			remoteInfo = Persistencia;
		};
/* End PBXContainerItemProxy section */

/* Begin PBXFileReference section */
		1C13E863263C4DBA00BA64B3 /* Persistencia.app */ = {isa = PBXFileReference; explicitFileType = wrapper.application; includeInIndex = 0; path = Persistencia.app; sourceTree = BUILT_PRODUCTS_DIR; };
		1C13E866263C4DBA00BA64B3 /* AppDelegate.swift */ = {isa = PBXFileReference; lastKnownFileType = sourcecode.swift; path = AppDelegate.swift; sourceTree = "<group>"; };
		1C13E868263C4DBA00BA64B3 /* SceneDelegate.swift */ = {isa = PBXFileReference; lastKnownFileType = sourcecode.swift; path = SceneDelegate.swift; sourceTree = "<group>"; };
		1C13E86D263C4DBA00BA64B3 /* Base */ = {isa = PBXFileReference; lastKnownFileType = file.storyboard; name = Base; path = Base.lproj/Main.storyboard; sourceTree = "<group>"; };
		1C13E870263C4DBA00BA64B3 /* Persistencia.xcdatamodel */ = {isa = PBXFileReference; lastKnownFileType = wrapper.xcdatamodel; path = Persistencia.xcdatamodel; sourceTree = "<group>"; };
		1C13E872263C4DBC00BA64B3 /* Assets.xcassets */ = {isa = PBXFileReference; lastKnownFileType = folder.assetcatalog; path = Assets.xcassets; sourceTree = "<group>"; };
		1C13E875263C4DBC00BA64B3 /* Base */ = {isa = PBXFileReference; lastKnownFileType = file.storyboard; name = Base; path = Base.lproj/LaunchScreen.storyboard; sourceTree = "<group>"; };
		1C13E877263C4DBC00BA64B3 /* Info.plist */ = {isa = PBXFileReference; lastKnownFileType = text.plist.xml; path = Info.plist; sourceTree = "<group>"; };
		1C13E87C263C4DBD00BA64B3 /* PersistenciaTests.xctest */ = {isa = PBXFileReference; explicitFileType = wrapper.cfbundle; includeInIndex = 0; path = PersistenciaTests.xctest; sourceTree = BUILT_PRODUCTS_DIR; };
		1C13E880263C4DBD00BA64B3 /* PersistenciaTests.swift */ = {isa = PBXFileReference; lastKnownFileType = sourcecode.swift; path = PersistenciaTests.swift; sourceTree = "<group>"; };
		1C13E882263C4DBD00BA64B3 /* Info.plist */ = {isa = PBXFileReference; lastKnownFileType = text.plist.xml; path = Info.plist; sourceTree = "<group>"; };
		1C13E887263C4DBD00BA64B3 /* PersistenciaUITests.xctest */ = {isa = PBXFileReference; explicitFileType = wrapper.cfbundle; includeInIndex = 0; path = PersistenciaUITests.xctest; sourceTree = BUILT_PRODUCTS_DIR; };
		1C13E88B263C4DBD00BA64B3 /* PersistenciaUITests.swift */ = {isa = PBXFileReference; lastKnownFileType = sourcecode.swift; path = PersistenciaUITests.swift; sourceTree = "<group>"; };
		1C13E88D263C4DBD00BA64B3 /* Info.plist */ = {isa = PBXFileReference; lastKnownFileType = text.plist.xml; path = Info.plist; sourceTree = "<group>"; };
		1C13E89F263C83F200BA64B3 /* ListarClientesTableViewController.swift */ = {isa = PBXFileReference; lastKnownFileType = sourcecode.swift; path = ListarClientesTableViewController.swift; sourceTree = "<group>"; };
		1C13E8A4263C843100BA64B3 /* ClientesViewController.swift */ = {isa = PBXFileReference; lastKnownFileType = sourcecode.swift; path = ClientesViewController.swift; sourceTree = "<group>"; };
/* End PBXFileReference section */

/* Begin PBXFrameworksBuildPhase section */
		1C13E860263C4DBA00BA64B3 /* Frameworks */ = {
			isa = PBXFrameworksBuildPhase;
			buildActionMask = 2147483647;
			files = (
			);
			runOnlyForDeploymentPostprocessing = 0;
		};
		1C13E879263C4DBD00BA64B3 /* Frameworks */ = {
			isa = PBXFrameworksBuildPhase;
			buildActionMask = 2147483647;
			files = (
			);
			runOnlyForDeploymentPostprocessing = 0;
		};
		1C13E884263C4DBD00BA64B3 /* Frameworks */ = {
			isa = PBXFrameworksBuildPhase;
			buildActionMask = 2147483647;
			files = (
			);
			runOnlyForDeploymentPostprocessing = 0;
		};
/* End PBXFrameworksBuildPhase section */

/* Begin PBXGroup section */
		1C13E85A263C4DBA00BA64B3 = {
			isa = PBXGroup;
			children = (
				1C13E865263C4DBA00BA64B3 /* Persistencia */,
				1C13E87F263C4DBD00BA64B3 /* PersistenciaTests */,
				1C13E88A263C4DBD00BA64B3 /* PersistenciaUITests */,
				1C13E864263C4DBA00BA64B3 /* Products */,
			);
			sourceTree = "<group>";
		};
		1C13E864263C4DBA00BA64B3 /* Products */ = {
			isa = PBXGroup;
			children = (
				1C13E863263C4DBA00BA64B3 /* Persistencia.app */,
				1C13E87C263C4DBD00BA64B3 /* PersistenciaTests.xctest */,
				1C13E887263C4DBD00BA64B3 /* PersistenciaUITests.xctest */,
			);
			name = Products;
			sourceTree = "<group>";
		};
		1C13E865263C4DBA00BA64B3 /* Persistencia */ = {
			isa = PBXGroup;
			children = (
				1C13E866263C4DBA00BA64B3 /* AppDelegate.swift */,
				1C13E868263C4DBA00BA64B3 /* SceneDelegate.swift */,
				1C13E86C263C4DBA00BA64B3 /* Main.storyboard */,
				1C13E872263C4DBC00BA64B3 /* Assets.xcassets */,
				1C13E874263C4DBC00BA64B3 /* LaunchScreen.storyboard */,
				1C13E877263C4DBC00BA64B3 /* Info.plist */,
				1C13E86F263C4DBA00BA64B3 /* Persistencia.xcdatamodeld */,
				1C13E89F263C83F200BA64B3 /* ListarClientesTableViewController.swift */,
				1C13E8A4263C843100BA64B3 /* ClientesViewController.swift */,
			);
			path = Persistencia;
			sourceTree = "<group>";
		};
		1C13E87F263C4DBD00BA64B3 /* PersistenciaTests */ = {
			isa = PBXGroup;
			children = (
				1C13E880263C4DBD00BA64B3 /* PersistenciaTests.swift */,
				1C13E882263C4DBD00BA64B3 /* Info.plist */,
			);
			path = PersistenciaTests;
			sourceTree = "<group>";
		};
		1C13E88A263C4DBD00BA64B3 /* PersistenciaUITests */ = {
			isa = PBXGroup;
			children = (
				1C13E88B263C4DBD00BA64B3 /* PersistenciaUITests.swift */,
				1C13E88D263C4DBD00BA64B3 /* Info.plist */,
			);
			path = PersistenciaUITests;
			sourceTree = "<group>";
		};
/* End PBXGroup section */

/* Begin PBXNativeTarget section */
		1C13E862263C4DBA00BA64B3 /* Persistencia */ = {
			isa = PBXNativeTarget;
			buildConfigurationList = 1C13E890263C4DBD00BA64B3 /* Build configuration list for PBXNativeTarget "Persistencia" */;
			buildPhases = (
				1C13E85F263C4DBA00BA64B3 /* Sources */,
				1C13E860263C4DBA00BA64B3 /* Frameworks */,
				1C13E861263C4DBA00BA64B3 /* Resources */,
			);
			buildRules = (
			);
			dependencies = (
			);
			name = Persistencia;
			productName = Persistencia;
			productReference = 1C13E863263C4DBA00BA64B3 /* Persistencia.app */;
			productType = "com.apple.product-type.application";
		};
		1C13E87B263C4DBD00BA64B3 /* PersistenciaTests */ = {
			isa = PBXNativeTarget;
			buildConfigurationList = 1C13E893263C4DBD00BA64B3 /* Build configuration list for PBXNativeTarget "PersistenciaTests" */;
			buildPhases = (
				1C13E878263C4DBD00BA64B3 /* Sources */,
				1C13E879263C4DBD00BA64B3 /* Frameworks */,
				1C13E87A263C4DBD00BA64B3 /* Resources */,
			);
			buildRules = (
			);
			dependencies = (
				1C13E87E263C4DBD00BA64B3 /* PBXTargetDependency */,
			);
			name = PersistenciaTests;
			productName = PersistenciaTests;
			productReference = 1C13E87C263C4DBD00BA64B3 /* PersistenciaTests.xctest */;
			productType = "com.apple.product-type.bundle.unit-test";
		};
		1C13E886263C4DBD00BA64B3 /* PersistenciaUITests */ = {
			isa = PBXNativeTarget;
			buildConfigurationList = 1C13E896263C4DBD00BA64B3 /* Build configuration list for PBXNativeTarget "PersistenciaUITests" */;
			buildPhases = (
				1C13E883263C4DBD00BA64B3 /* Sources */,
				1C13E884263C4DBD00BA64B3 /* Frameworks */,
				1C13E885263C4DBD00BA64B3 /* Resources */,
			);
			buildRules = (
			);
			dependencies = (
				1C13E889263C4DBD00BA64B3 /* PBXTargetDependency */,
			);
			name = PersistenciaUITests;
			productName = PersistenciaUITests;
			productReference = 1C13E887263C4DBD00BA64B3 /* PersistenciaUITests.xctest */;
			productType = "com.apple.product-type.bundle.ui-testing";
		};
/* End PBXNativeTarget section */

/* Begin PBXProject section */
		1C13E85B263C4DBA00BA64B3 /* Project object */ = {
			isa = PBXProject;
			attributes = {
				LastSwiftUpdateCheck = 1240;
				LastUpgradeCheck = 1240;
				TargetAttributes = {
					1C13E862263C4DBA00BA64B3 = {
						CreatedOnToolsVersion = 12.4;
					};
					1C13E87B263C4DBD00BA64B3 = {
						CreatedOnToolsVersion = 12.4;
						TestTargetID = 1C13E862263C4DBA00BA64B3;
					};
					1C13E886263C4DBD00BA64B3 = {
						CreatedOnToolsVersion = 12.4;
						TestTargetID = 1C13E862263C4DBA00BA64B3;
					};
				};
			};
			buildConfigurationList = 1C13E85E263C4DBA00BA64B3 /* Build configuration list for PBXProject "Persistencia" */;
			compatibilityVersion = "Xcode 9.3";
			developmentRegion = en;
			hasScannedForEncodings = 0;
			knownRegions = (
				en,
				Base,
			);
			mainGroup = 1C13E85A263C4DBA00BA64B3;
			productRefGroup = 1C13E864263C4DBA00BA64B3 /* Products */;
			projectDirPath = "";
			projectRoot = "";
			targets = (
				1C13E862263C4DBA00BA64B3 /* Persistencia */,
				1C13E87B263C4DBD00BA64B3 /* PersistenciaTests */,
				1C13E886263C4DBD00BA64B3 /* PersistenciaUITests */,
			);
		};
/* End PBXProject section */

/* Begin PBXResourcesBuildPhase section */
		1C13E861263C4DBA00BA64B3 /* Resources */ = {
			isa = PBXResourcesBuildPhase;
			buildActionMask = 2147483647;
			files = (
				1C13E876263C4DBC00BA64B3 /* LaunchScreen.storyboard in Resources */,
				1C13E873263C4DBC00BA64B3 /* Assets.xcassets in Resources */,
				1C13E86E263C4DBA00BA64B3 /* Main.storyboard in Resources */,
			);
			runOnlyForDeploymentPostprocessing = 0;
		};
		1C13E87A263C4DBD00BA64B3 /* Resources */ = {
			isa = PBXResourcesBuildPhase;
			buildActionMask = 2147483647;
			files = (
			);
			runOnlyForDeploymentPostprocessing = 0;
		};
		1C13E885263C4DBD00BA64B3 /* Resources */ = {
			isa = PBXResourcesBuildPhase;
			buildActionMask = 2147483647;
			files = (
			);
			runOnlyForDeploymentPostprocessing = 0;
		};
/* End PBXResourcesBuildPhase section */

/* Begin PBXSourcesBuildPhase section */
		1C13E85F263C4DBA00BA64B3 /* Sources */ = {
			isa = PBXSourcesBuildPhase;
			buildActionMask = 2147483647;
			files = (
				1C13E867263C4DBA00BA64B3 /* AppDelegate.swift in Sources */,
				1C13E869263C4DBA00BA64B3 /* SceneDelegate.swift in Sources */,
				1C13E871263C4DBA00BA64B3 /* Persistencia.xcdatamodeld in Sources */,
				1C13E8A0263C83F200BA64B3 /* ListarClientesTableViewController.swift in Sources */,
				1C13E8A5263C843100BA64B3 /* ClientesViewController.swift in Sources */,
			);
			runOnlyForDeploymentPostprocessing = 0;
		};
		1C13E878263C4DBD00BA64B3 /* Sources */ = {
			isa = PBXSourcesBuildPhase;
			buildActionMask = 2147483647;
			files = (
				1C13E881263C4DBD00BA64B3 /* PersistenciaTests.swift in Sources */,
			);
			runOnlyForDeploymentPostprocessing = 0;
		};
		1C13E883263C4DBD00BA64B3 /* Sources */ = {
			isa = PBXSourcesBuildPhase;
			buildActionMask = 2147483647;
			files = (
				1C13E88C263C4DBD00BA64B3 /* PersistenciaUITests.swift in Sources */,
			);
			runOnlyForDeploymentPostprocessing = 0;
		};
/* End PBXSourcesBuildPhase section */

/* Begin PBXTargetDependency section */
		1C13E87E263C4DBD00BA64B3 /* PBXTargetDependency */ = {
			isa = PBXTargetDependency;
			target = 1C13E862263C4DBA00BA64B3 /* Persistencia */;
			targetProxy = 1C13E87D263C4DBD00BA64B3 /* PBXContainerItemProxy */;
		};
		1C13E889263C4DBD00BA64B3 /* PBXTargetDependency */ = {
			isa = PBXTargetDependency;
			target = 1C13E862263C4DBA00BA64B3 /* Persistencia */;
			targetProxy = 1C13E888263C4DBD00BA64B3 /* PBXContainerItemProxy */;
		};
/* End PBXTargetDependency section */

/* Begin PBXVariantGroup section */
		1C13E86C263C4DBA00BA64B3 /* Main.storyboard */ = {
			isa = PBXVariantGroup;
			children = (
				1C13E86D263C4DBA00BA64B3 /* Base */,
			);
			name = Main.storyboard;
			sourceTree = "<group>";
		};
		1C13E874263C4DBC00BA64B3 /* LaunchScreen.storyboard */ = {
			isa = PBXVariantGroup;
			children = (
				1C13E875263C4DBC00BA64B3 /* Base */,
			);
			name = LaunchScreen.storyboard;
			sourceTree = "<group>";
		};
/* End PBXVariantGroup section */

/* Begin XCBuildConfiguration section */
		1C13E88E263C4DBD00BA64B3 /* Debug */ = {
			isa = XCBuildConfiguration;
			buildSettings = {
				ALWAYS_SEARCH_USER_PATHS = NO;
				CLANG_ANALYZER_NONNULL = YES;
				CLANG_ANALYZER_NUMBER_OBJECT_CONVERSION = YES_AGGRESSIVE;
				CLANG_CXX_LANGUAGE_STANDARD = "gnu++14";
				CLANG_CXX_LIBRARY = "libc++";
				CLANG_ENABLE_MODULES = YES;
				CLANG_ENABLE_OBJC_ARC = YES;
				CLANG_ENABLE_OBJC_WEAK = YES;
				CLANG_WARN_BLOCK_CAPTURE_AUTORELEASING = YES;
				CLANG_WARN_BOOL_CONVERSION = YES;
				CLANG_WARN_COMMA = YES;
				CLANG_WARN_CONSTANT_CONVERSION = YES;
				CLANG_WARN_DEPRECATED_OBJC_IMPLEMENTATIONS = YES;
				CLANG_WARN_DIRECT_OBJC_ISA_USAGE = YES_ERROR;
				CLANG_WARN_DOCUMENTATION_COMMENTS = YES;
				CLANG_WARN_EMPTY_BODY = YES;
				CLANG_WARN_ENUM_CONVERSION = YES;
				CLANG_WARN_INFINITE_RECURSION = YES;
				CLANG_WARN_INT_CONVERSION = YES;
				CLANG_WARN_NON_LITERAL_NULL_CONVERSION = YES;
				CLANG_WARN_OBJC_IMPLICIT_RETAIN_SELF = YES;
				CLANG_WARN_OBJC_LITERAL_CONVERSION = YES;
				CLANG_WARN_OBJC_ROOT_CLASS = YES_ERROR;
				CLANG_WARN_QUOTED_INCLUDE_IN_FRAMEWORK_HEADER = YES;
				CLANG_WARN_RANGE_LOOP_ANALYSIS = YES;
				CLANG_WARN_STRICT_PROTOTYPES = YES;
				CLANG_WARN_SUSPICIOUS_MOVE = YES;
				CLANG_WARN_UNGUARDED_AVAILABILITY = YES_AGGRESSIVE;
				CLANG_WARN_UNREACHABLE_CODE = YES;
				CLANG_WARN__DUPLICATE_METHOD_MATCH = YES;
				COPY_PHASE_STRIP = NO;
				DEBUG_INFORMATION_FORMAT = dwarf;
				ENABLE_STRICT_OBJC_MSGSEND = YES;
				ENABLE_TESTABILITY = YES;
				GCC_C_LANGUAGE_STANDARD = gnu11;
				GCC_DYNAMIC_NO_PIC = NO;
				GCC_NO_COMMON_BLOCKS = YES;
				GCC_OPTIMIZATION_LEVEL = 0;
				GCC_PREPROCESSOR_DEFINITIONS = (
					"DEBUG=1",
					"$(inherited)",
				);
				GCC_WARN_64_TO_32_BIT_CONVERSION = YES;
				GCC_WARN_ABOUT_RETURN_TYPE = YES_ERROR;
				GCC_WARN_UNDECLARED_SELECTOR = YES;
				GCC_WARN_UNINITIALIZED_AUTOS = YES_AGGRESSIVE;
				GCC_WARN_UNUSED_FUNCTION = YES;
				GCC_WARN_UNUSED_VARIABLE = YES;
				IPHONEOS_DEPLOYMENT_TARGET = 14.4;
				MTL_ENABLE_DEBUG_INFO = INCLUDE_SOURCE;
				MTL_FAST_MATH = YES;
				ONLY_ACTIVE_ARCH = YES;
				SDKROOT = iphoneos;
				SWIFT_ACTIVE_COMPILATION_CONDITIONS = DEBUG;
				SWIFT_OPTIMIZATION_LEVEL = "-Onone";
			};
			name = Debug;
		};
		1C13E88F263C4DBD00BA64B3 /* Release */ = {
			isa = XCBuildConfiguration;
			buildSettings = {
				ALWAYS_SEARCH_USER_PATHS = NO;
				CLANG_ANALYZER_NONNULL = YES;
				CLANG_ANALYZER_NUMBER_OBJECT_CONVERSION = YES_AGGRESSIVE;
				CLANG_CXX_LANGUAGE_STANDARD = "gnu++14";
				CLANG_CXX_LIBRARY = "libc++";
				CLANG_ENABLE_MODULES = YES;
				CLANG_ENABLE_OBJC_ARC = YES;
				CLANG_ENABLE_OBJC_WEAK = YES;
				CLANG_WARN_BLOCK_CAPTURE_AUTORELEASING = YES;
				CLANG_WARN_BOOL_CONVERSION = YES;
				CLANG_WARN_COMMA = YES;
				CLANG_WARN_CONSTANT_CONVERSION = YES;
				CLANG_WARN_DEPRECATED_OBJC_IMPLEMENTATIONS = YES;
				CLANG_WARN_DIRECT_OBJC_ISA_USAGE = YES_ERROR;
				CLANG_WARN_DOCUMENTATION_COMMENTS = YES;
				CLANG_WARN_EMPTY_BODY = YES;
				CLANG_WARN_ENUM_CONVERSION = YES;
				CLANG_WARN_INFINITE_RECURSION = YES;
				CLANG_WARN_INT_CONVERSION = YES;
				CLANG_WARN_NON_LITERAL_NULL_CONVERSION = YES;
				CLANG_WARN_OBJC_IMPLICIT_RETAIN_SELF = YES;
				CLANG_WARN_OBJC_LITERAL_CONVERSION = YES;
				CLANG_WARN_OBJC_ROOT_CLASS = YES_ERROR;
				CLANG_WARN_QUOTED_INCLUDE_IN_FRAMEWORK_HEADER = YES;
				CLANG_WARN_RANGE_LOOP_ANALYSIS = YES;
				CLANG_WARN_STRICT_PROTOTYPES = YES;
				CLANG_WARN_SUSPICIOUS_MOVE = YES;
				CLANG_WARN_UNGUARDED_AVAILABILITY = YES_AGGRESSIVE;
				CLANG_WARN_UNREACHABLE_CODE = YES;
				CLANG_WARN__DUPLICATE_METHOD_MATCH = YES;
				COPY_PHASE_STRIP = NO;
				DEBUG_INFORMATION_FORMAT = "dwarf-with-dsym";
				ENABLE_NS_ASSERTIONS = NO;
				ENABLE_STRICT_OBJC_MSGSEND = YES;
				GCC_C_LANGUAGE_STANDARD = gnu11;
				GCC_NO_COMMON_BLOCKS = YES;
				GCC_WARN_64_TO_32_BIT_CONVERSION = YES;
				GCC_WARN_ABOUT_RETURN_TYPE = YES_ERROR;
				GCC_WARN_UNDECLARED_SELECTOR = YES;
				GCC_WARN_UNINITIALIZED_AUTOS = YES_AGGRESSIVE;
				GCC_WARN_UNUSED_FUNCTION = YES;
				GCC_WARN_UNUSED_VARIABLE = YES;
				IPHONEOS_DEPLOYMENT_TARGET = 14.4;
				MTL_ENABLE_DEBUG_INFO = NO;
				MTL_FAST_MATH = YES;
				SDKROOT = iphoneos;
				SWIFT_COMPILATION_MODE = wholemodule;
				SWIFT_OPTIMIZATION_LEVEL = "-O";
				VALIDATE_PRODUCT = YES;
			};
			name = Release;
		};
		1C13E891263C4DBD00BA64B3 /* Debug */ = {
			isa = XCBuildConfiguration;
			buildSettings = {
				ASSETCATALOG_COMPILER_APPICON_NAME = AppIcon;
				ASSETCATALOG_COMPILER_GLOBAL_ACCENT_COLOR_NAME = AccentColor;
				CODE_SIGN_STYLE = Automatic;
				INFOPLIST_FILE = Persistencia/Info.plist;
				LD_RUNPATH_SEARCH_PATHS = (
					"$(inherited)",
					"@executable_path/Frameworks",
				);
				PRODUCT_BUNDLE_IDENTIFIER = RenilsonMoreira.Persistencia;
				PRODUCT_NAME = "$(TARGET_NAME)";
				SWIFT_VERSION = 5.0;
				TARGETED_DEVICE_FAMILY = "1,2";
			};
			name = Debug;
		};
		1C13E892263C4DBD00BA64B3 /* Release */ = {
			isa = XCBuildConfiguration;
			buildSettings = {
				ASSETCATALOG_COMPILER_APPICON_NAME = AppIcon;
				ASSETCATALOG_COMPILER_GLOBAL_ACCENT_COLOR_NAME = AccentColor;
				CODE_SIGN_STYLE = Automatic;
				INFOPLIST_FILE = Persistencia/Info.plist;
				LD_RUNPATH_SEARCH_PATHS = (
					"$(inherited)",
					"@executable_path/Frameworks",
				);
				PRODUCT_BUNDLE_IDENTIFIER = RenilsonMoreira.Persistencia;
				PRODUCT_NAME = "$(TARGET_NAME)";
				SWIFT_VERSION = 5.0;
				TARGETED_DEVICE_FAMILY = "1,2";
			};
			name = Release;
		};
		1C13E894263C4DBD00BA64B3 /* Debug */ = {
			isa = XCBuildConfiguration;
			buildSettings = {
				ALWAYS_EMBED_SWIFT_STANDARD_LIBRARIES = YES;
				BUNDLE_LOADER = "$(TEST_HOST)";
				CODE_SIGN_STYLE = Automatic;
				INFOPLIST_FILE = PersistenciaTests/Info.plist;
				IPHONEOS_DEPLOYMENT_TARGET = 14.4;
				LD_RUNPATH_SEARCH_PATHS = (
					"$(inherited)",
					"@executable_path/Frameworks",
					"@loader_path/Frameworks",
				);
				PRODUCT_BUNDLE_IDENTIFIER = RenilsonMoreira.PersistenciaTests;
				PRODUCT_NAME = "$(TARGET_NAME)";
				SWIFT_VERSION = 5.0;
				TARGETED_DEVICE_FAMILY = "1,2";
				TEST_HOST = "$(BUILT_PRODUCTS_DIR)/Persistencia.app/Persistencia";
			};
			name = Debug;
		};
		1C13E895263C4DBD00BA64B3 /* Release */ = {
			isa = XCBuildConfiguration;
			buildSettings = {
				ALWAYS_EMBED_SWIFT_STANDARD_LIBRARIES = YES;
				BUNDLE_LOADER = "$(TEST_HOST)";
				CODE_SIGN_STYLE = Automatic;
				INFOPLIST_FILE = PersistenciaTests/Info.plist;
				IPHONEOS_DEPLOYMENT_TARGET = 14.4;
				LD_RUNPATH_SEARCH_PATHS = (
					"$(inherited)",
					"@executable_path/Frameworks",
					"@loader_path/Frameworks",
				);
				PRODUCT_BUNDLE_IDENTIFIER = RenilsonMoreira.PersistenciaTests;
				PRODUCT_NAME = "$(TARGET_NAME)";
				SWIFT_VERSION = 5.0;
				TARGETED_DEVICE_FAMILY = "1,2";
				TEST_HOST = "$(BUILT_PRODUCTS_DIR)/Persistencia.app/Persistencia";
			};
			name = Release;
		};
		1C13E897263C4DBD00BA64B3 /* Debug */ = {
			isa = XCBuildConfiguration;
			buildSettings = {
				ALWAYS_EMBED_SWIFT_STANDARD_LIBRARIES = YES;
				CODE_SIGN_STYLE = Automatic;
				INFOPLIST_FILE = PersistenciaUITests/Info.plist;
				LD_RUNPATH_SEARCH_PATHS = (
					"$(inherited)",
					"@executable_path/Frameworks",
					"@loader_path/Frameworks",
				);
				PRODUCT_BUNDLE_IDENTIFIER = RenilsonMoreira.PersistenciaUITests;
				PRODUCT_NAME = "$(TARGET_NAME)";
				SWIFT_VERSION = 5.0;
				TARGETED_DEVICE_FAMILY = "1,2";
				TEST_TARGET_NAME = Persistencia;
			};
			name = Debug;
		};
		1C13E898263C4DBD00BA64B3 /* Release */ = {
			isa = XCBuildConfiguration;
			buildSettings = {
				ALWAYS_EMBED_SWIFT_STANDARD_LIBRARIES = YES;
				CODE_SIGN_STYLE = Automatic;
				INFOPLIST_FILE = PersistenciaUITests/Info.plist;
				LD_RUNPATH_SEARCH_PATHS = (
					"$(inherited)",
					"@executable_path/Frameworks",
					"@loader_path/Frameworks",
				);
				PRODUCT_BUNDLE_IDENTIFIER = RenilsonMoreira.PersistenciaUITests;
				PRODUCT_NAME = "$(TARGET_NAME)";
				SWIFT_VERSION = 5.0;
				TARGETED_DEVICE_FAMILY = "1,2";
				TEST_TARGET_NAME = Persistencia;
			};
			name = Release;
		};
/* End XCBuildConfiguration section */

/* Begin XCConfigurationList section */
		1C13E85E263C4DBA00BA64B3 /* Build configuration list for PBXProject "Persistencia" */ = {
			isa = XCConfigurationList;
			buildConfigurations = (
				1C13E88E263C4DBD00BA64B3 /* Debug */,
				1C13E88F263C4DBD00BA64B3 /* Release */,
			);
			defaultConfigurationIsVisible = 0;
			defaultConfigurationName = Release;
		};
		1C13E890263C4DBD00BA64B3 /* Build configuration list for PBXNativeTarget "Persistencia" */ = {
			isa = XCConfigurationList;
			buildConfigurations = (
				1C13E891263C4DBD00BA64B3 /* Debug */,
				1C13E892263C4DBD00BA64B3 /* Release */,
			);
			defaultConfigurationIsVisible = 0;
			defaultConfigurationName = Release;
		};
		1C13E893263C4DBD00BA64B3 /* Build configuration list for PBXNativeTarget "PersistenciaTests" */ = {
			isa = XCConfigurationList;
			buildConfigurations = (
				1C13E894263C4DBD00BA64B3 /* Debug */,
				1C13E895263C4DBD00BA64B3 /* Release */,
			);
			defaultConfigurationIsVisible = 0;
			defaultConfigurationName = Release;
		};
		1C13E896263C4DBD00BA64B3 /* Build configuration list for PBXNativeTarget "PersistenciaUITests" */ = {
			isa = XCConfigurationList;
			buildConfigurations = (
				1C13E897263C4DBD00BA64B3 /* Debug */,
				1C13E898263C4DBD00BA64B3 /* Release */,
			);
			defaultConfigurationIsVisible = 0;
			defaultConfigurationName = Release;
		};
/* End XCConfigurationList section */

/* Begin XCVersionGroup section */
		1C13E86F263C4DBA00BA64B3 /* Persistencia.xcdatamodeld */ = {
			isa = XCVersionGroup;
			children = (
				1C13E870263C4DBA00BA64B3 /* Persistencia.xcdatamodel */,
			);
			currentVersion = 1C13E870263C4DBA00BA64B3 /* Persistencia.xcdatamodel */;
			path = Persistencia.xcdatamodeld;
			sourceTree = "<group>";
			versionGroupType = wrapper.xcdatamodel;
		};
/* End XCVersionGroup section */
	};
	rootObject = 1C13E85B263C4DBA00BA64B3 /* Project object */;
}
